
Microsoft Visual Studio Solution File, Format Version 12.00
# Visual Studio 15
VisualStudioVersion = 15.0.27428.2002
MinimumVisualStudioVersion = 10.0.40219.1
Project("{9A19103F-16F7-4668-BE54-9A1E7A4F7556}") = "WebApi.POC", "WebApi.POC\WebApi.POC.csproj", "{F30CA6A1-BE84-486E-BFA4-8F21C71D5327}"
EndProject
Project("{9A19103F-16F7-4668-BE54-9A1E7A4F7556}") = "WebApi.Security", "WebApi.Security\WebApi.Security.csproj", "{FFEA97A2-CE5E-4578-A086-EB821F5139EE}"
EndProject
Project("{9A19103F-16F7-4668-BE54-9A1E7A4F7556}") = "WebApi.Shared", "WebApi.Shared\WebApi.Shared.csproj", "{0F63B005-C814-46C4-959C-6AD456540BD6}"
EndProject
Project("{FAE04EC0-301F-11D3-BF4B-00C04F79EFBC}") = "WebApi.Client", "WebApi.Client\WebApi.Client.csproj", "{83DAC0B6-67BE-4AA5-85F8-C9EB92C38177}"
EndProject
Project("{FAE04EC0-301F-11D3-BF4B-00C04F79EFBC}") = "WebApi.Cross.Android", "WebApi.Cross\WebApi.Cross.Android\WebApi.Cross.Android.csproj", "{0FBA28A0-6220-4D2D-A7B3-530DD7EB337B}"
EndProject
Project("{FAE04EC0-301F-11D3-BF4B-00C04F79EFBC}") = "WebApi.Cross.iOS", "WebApi.Cross\WebApi.Cross.iOS\WebApi.Cross.iOS.csproj", "{746E3684-6796-412A-9057-05A784726903}"
EndProject
Project("{FAE04EC0-301F-11D3-BF4B-00C04F79EFBC}") = "WebApi.Cross.UWP", "WebApi.Cross\WebApi.Cross.UWP\WebApi.Cross.UWP.csproj", "{B9F6254D-82B3-4CE7-BC31-DD41B9CD078C}"
EndProject
Project("{FAE04EC0-301F-11D3-BF4B-00C04F79EFBC}") = "WebApi.Cross", "WebApi.Cross\WebApi.Cross\WebApi.Cross.csproj", "{7A1C36FF-1D34-4597-A16D-C1A907090818}"
EndProject
Global
	GlobalSection(SolutionConfigurationPlatforms) = preSolution
		Ad-Hoc|Any CPU = Ad-Hoc|Any CPU
		Ad-Hoc|ARM = Ad-Hoc|ARM
		Ad-Hoc|iPhone = Ad-Hoc|iPhone
		Ad-Hoc|iPhoneSimulator = Ad-Hoc|iPhoneSimulator
		Ad-Hoc|x64 = Ad-Hoc|x64
		Ad-Hoc|x86 = Ad-Hoc|x86
		AppStore|Any CPU = AppStore|Any CPU
		AppStore|ARM = AppStore|ARM
		AppStore|iPhone = AppStore|iPhone
		AppStore|iPhoneSimulator = AppStore|iPhoneSimulator
		AppStore|x64 = AppStore|x64
		AppStore|x86 = AppStore|x86
		Debug|Any CPU = Debug|Any CPU
		Debug|ARM = Debug|ARM
		Debug|iPhone = Debug|iPhone
		Debug|iPhoneSimulator = Debug|iPhoneSimulator
		Debug|x64 = Debug|x64
		Debug|x86 = Debug|x86
		Release|Any CPU = Release|Any CPU
		Release|ARM = Release|ARM
		Release|iPhone = Release|iPhone
		Release|iPhoneSimulator = Release|iPhoneSimulator
		Release|x64 = Release|x64
		Release|x86 = Release|x86
	EndGlobalSection
	GlobalSection(ProjectConfigurationPlatforms) = postSolution
		{F30CA6A1-BE84-486E-BFA4-8F21C71D5327}.Ad-Hoc|Any CPU.ActiveCfg = Release|Any CPU
		{F30CA6A1-BE84-486E-BFA4-8F21C71D5327}.Ad-Hoc|Any CPU.Build.0 = Release|Any CPU
		{F30CA6A1-BE84-486E-BFA4-8F21C71D5327}.Ad-Hoc|ARM.ActiveCfg = Release|Any CPU
		{F30CA6A1-BE84-486E-BFA4-8F21C71D5327}.Ad-Hoc|ARM.Build.0 = Release|Any CPU
		{F30CA6A1-BE84-486E-BFA4-8F21C71D5327}.Ad-Hoc|iPhone.ActiveCfg = Release|Any CPU
		{F30CA6A1-BE84-486E-BFA4-8F21C71D5327}.Ad-Hoc|iPhone.Build.0 = Release|Any CPU
		{F30CA6A1-BE84-486E-BFA4-8F21C71D5327}.Ad-Hoc|iPhoneSimulator.ActiveCfg = Release|Any CPU
		{F30CA6A1-BE84-486E-BFA4-8F21C71D5327}.Ad-Hoc|iPhoneSimulator.Build.0 = Release|Any CPU
		{F30CA6A1-BE84-486E-BFA4-8F21C71D5327}.Ad-Hoc|x64.ActiveCfg = Release|Any CPU
		{F30CA6A1-BE84-486E-BFA4-8F21C71D5327}.Ad-Hoc|x64.Build.0 = Release|Any CPU
		{F30CA6A1-BE84-486E-BFA4-8F21C71D5327}.Ad-Hoc|x86.ActiveCfg = Release|Any CPU
		{F30CA6A1-BE84-486E-BFA4-8F21C71D5327}.Ad-Hoc|x86.Build.0 = Release|Any CPU
		{F30CA6A1-BE84-486E-BFA4-8F21C71D5327}.AppStore|Any CPU.ActiveCfg = Release|Any CPU
		{F30CA6A1-BE84-486E-BFA4-8F21C71D5327}.AppStore|Any CPU.Build.0 = Release|Any CPU
		{F30CA6A1-BE84-486E-BFA4-8F21C71D5327}.AppStore|ARM.ActiveCfg = Release|Any CPU
		{F30CA6A1-BE84-486E-BFA4-8F21C71D5327}.AppStore|ARM.Build.0 = Release|Any CPU
		{F30CA6A1-BE84-486E-BFA4-8F21C71D5327}.AppStore|iPhone.ActiveCfg = Release|Any CPU
		{F30CA6A1-BE84-486E-BFA4-8F21C71D5327}.AppStore|iPhone.Build.0 = Release|Any CPU
		{F30CA6A1-BE84-486E-BFA4-8F21C71D5327}.AppStore|iPhoneSimulator.ActiveCfg = Release|Any CPU
		{F30CA6A1-BE84-486E-BFA4-8F21C71D5327}.AppStore|iPhoneSimulator.Build.0 = Release|Any CPU
		{F30CA6A1-BE84-486E-BFA4-8F21C71D5327}.AppStore|x64.ActiveCfg = Release|Any CPU
		{F30CA6A1-BE84-486E-BFA4-8F21C71D5327}.AppStore|x64.Build.0 = Release|Any CPU
		{F30CA6A1-BE84-486E-BFA4-8F21C71D5327}.AppStore|x86.ActiveCfg = Release|Any CPU
		{F30CA6A1-BE84-486E-BFA4-8F21C71D5327}.AppStore|x86.Build.0 = Release|Any CPU
		{F30CA6A1-BE84-486E-BFA4-8F21C71D5327}.Debug|Any CPU.ActiveCfg = Debug|Any CPU
		{F30CA6A1-BE84-486E-BFA4-8F21C71D5327}.Debug|Any CPU.Build.0 = Debug|Any CPU
		{F30CA6A1-BE84-486E-BFA4-8F21C71D5327}.Debug|ARM.ActiveCfg = Debug|Any CPU
		{F30CA6A1-BE84-486E-BFA4-8F21C71D5327}.Debug|ARM.Build.0 = Debug|Any CPU
		{F30CA6A1-BE84-486E-BFA4-8F21C71D5327}.Debug|iPhone.ActiveCfg = Debug|Any CPU
		{F30CA6A1-BE84-486E-BFA4-8F21C71D5327}.Debug|iPhone.Build.0 = Debug|Any CPU
		{F30CA6A1-BE84-486E-BFA4-8F21C71D5327}.Debug|iPhoneSimulator.ActiveCfg = Debug|Any CPU
		{F30CA6A1-BE84-486E-BFA4-8F21C71D5327}.Debug|iPhoneSimulator.Build.0 = Debug|Any CPU
		{F30CA6A1-BE84-486E-BFA4-8F21C71D5327}.Debug|x64.ActiveCfg = Debug|Any CPU
		{F30CA6A1-BE84-486E-BFA4-8F21C71D5327}.Debug|x64.Build.0 = Debug|Any CPU
		{F30CA6A1-BE84-486E-BFA4-8F21C71D5327}.Debug|x86.ActiveCfg = Debug|Any CPU
		{F30CA6A1-BE84-486E-BFA4-8F21C71D5327}.Debug|x86.Build.0 = Debug|Any CPU
		{F30CA6A1-BE84-486E-BFA4-8F21C71D5327}.Release|Any CPU.ActiveCfg = Release|Any CPU
		{F30CA6A1-BE84-486E-BFA4-8F21C71D5327}.Release|Any CPU.Build.0 = Release|Any CPU
		{F30CA6A1-BE84-486E-BFA4-8F21C71D5327}.Release|ARM.ActiveCfg = Release|Any CPU
		{F30CA6A1-BE84-486E-BFA4-8F21C71D5327}.Release|ARM.Build.0 = Release|Any CPU
		{F30CA6A1-BE84-486E-BFA4-8F21C71D5327}.Release|iPhone.ActiveCfg = Release|Any CPU
		{F30CA6A1-BE84-486E-BFA4-8F21C71D5327}.Release|iPhone.Build.0 = Release|Any CPU
		{F30CA6A1-BE84-486E-BFA4-8F21C71D5327}.Release|iPhoneSimulator.ActiveCfg = Release|Any CPU
		{F30CA6A1-BE84-486E-BFA4-8F21C71D5327}.Release|iPhoneSimulator.Build.0 = Release|Any CPU
		{F30CA6A1-BE84-486E-BFA4-8F21C71D5327}.Release|x64.ActiveCfg = Release|Any CPU
		{F30CA6A1-BE84-486E-BFA4-8F21C71D5327}.Release|x64.Build.0 = Release|Any CPU
		{F30CA6A1-BE84-486E-BFA4-8F21C71D5327}.Release|x86.ActiveCfg = Release|Any CPU
		{F30CA6A1-BE84-486E-BFA4-8F21C71D5327}.Release|x86.Build.0 = Release|Any CPU
		{FFEA97A2-CE5E-4578-A086-EB821F5139EE}.Ad-Hoc|Any CPU.ActiveCfg = Release|Any CPU
		{FFEA97A2-CE5E-4578-A086-EB821F5139EE}.Ad-Hoc|Any CPU.Build.0 = Release|Any CPU
		{FFEA97A2-CE5E-4578-A086-EB821F5139EE}.Ad-Hoc|ARM.ActiveCfg = Release|Any CPU
		{FFEA97A2-CE5E-4578-A086-EB821F5139EE}.Ad-Hoc|ARM.Build.0 = Release|Any CPU
		{FFEA97A2-CE5E-4578-A086-EB821F5139EE}.Ad-Hoc|iPhone.ActiveCfg = Release|Any CPU
		{FFEA97A2-CE5E-4578-A086-EB821F5139EE}.Ad-Hoc|iPhone.Build.0 = Release|Any CPU
		{FFEA97A2-CE5E-4578-A086-EB821F5139EE}.Ad-Hoc|iPhoneSimulator.ActiveCfg = Release|Any CPU
		{FFEA97A2-CE5E-4578-A086-EB821F5139EE}.Ad-Hoc|iPhoneSimulator.Build.0 = Release|Any CPU
		{FFEA97A2-CE5E-4578-A086-EB821F5139EE}.Ad-Hoc|x64.ActiveCfg = Release|Any CPU
		{FFEA97A2-CE5E-4578-A086-EB821F5139EE}.Ad-Hoc|x64.Build.0 = Release|Any CPU
		{FFEA97A2-CE5E-4578-A086-EB821F5139EE}.Ad-Hoc|x86.ActiveCfg = Release|Any CPU
		{FFEA97A2-CE5E-4578-A086-EB821F5139EE}.Ad-Hoc|x86.Build.0 = Release|Any CPU
		{FFEA97A2-CE5E-4578-A086-EB821F5139EE}.AppStore|Any CPU.ActiveCfg = Release|Any CPU
		{FFEA97A2-CE5E-4578-A086-EB821F5139EE}.AppStore|Any CPU.Build.0 = Release|Any CPU
		{FFEA97A2-CE5E-4578-A086-EB821F5139EE}.AppStore|ARM.ActiveCfg = Release|Any CPU
		{FFEA97A2-CE5E-4578-A086-EB821F5139EE}.AppStore|ARM.Build.0 = Release|Any CPU
		{FFEA97A2-CE5E-4578-A086-EB821F5139EE}.AppStore|iPhone.ActiveCfg = Release|Any CPU
		{FFEA97A2-CE5E-4578-A086-EB821F5139EE}.AppStore|iPhone.Build.0 = Release|Any CPU
		{FFEA97A2-CE5E-4578-A086-EB821F5139EE}.AppStore|iPhoneSimulator.ActiveCfg = Release|Any CPU
		{FFEA97A2-CE5E-4578-A086-EB821F5139EE}.AppStore|iPhoneSimulator.Build.0 = Release|Any CPU
		{FFEA97A2-CE5E-4578-A086-EB821F5139EE}.AppStore|x64.ActiveCfg = Release|Any CPU
		{FFEA97A2-CE5E-4578-A086-EB821F5139EE}.AppStore|x64.Build.0 = Release|Any CPU
		{FFEA97A2-CE5E-4578-A086-EB821F5139EE}.AppStore|x86.ActiveCfg = Release|Any CPU
		{FFEA97A2-CE5E-4578-A086-EB821F5139EE}.AppStore|x86.Build.0 = Release|Any CPU
		{FFEA97A2-CE5E-4578-A086-EB821F5139EE}.Debug|Any CPU.ActiveCfg = Debug|Any CPU
		{FFEA97A2-CE5E-4578-A086-EB821F5139EE}.Debug|Any CPU.Build.0 = Debug|Any CPU
		{FFEA97A2-CE5E-4578-A086-EB821F5139EE}.Debug|ARM.ActiveCfg = Debug|Any CPU
		{FFEA97A2-CE5E-4578-A086-EB821F5139EE}.Debug|ARM.Build.0 = Debug|Any CPU
		{FFEA97A2-CE5E-4578-A086-EB821F5139EE}.Debug|iPhone.ActiveCfg = Debug|Any CPU
		{FFEA97A2-CE5E-4578-A086-EB821F5139EE}.Debug|iPhone.Build.0 = Debug|Any CPU
		{FFEA97A2-CE5E-4578-A086-EB821F5139EE}.Debug|iPhoneSimulator.ActiveCfg = Debug|Any CPU
		{FFEA97A2-CE5E-4578-A086-EB821F5139EE}.Debug|iPhoneSimulator.Build.0 = Debug|Any CPU
		{FFEA97A2-CE5E-4578-A086-EB821F5139EE}.Debug|x64.ActiveCfg = Debug|Any CPU
		{FFEA97A2-CE5E-4578-A086-EB821F5139EE}.Debug|x64.Build.0 = Debug|Any CPU
		{FFEA97A2-CE5E-4578-A086-EB821F5139EE}.Debug|x86.ActiveCfg = Debug|Any CPU
		{FFEA97A2-CE5E-4578-A086-EB821F5139EE}.Debug|x86.Build.0 = Debug|Any CPU
		{FFEA97A2-CE5E-4578-A086-EB821F5139EE}.Release|Any CPU.ActiveCfg = Release|Any CPU
		{FFEA97A2-CE5E-4578-A086-EB821F5139EE}.Release|Any CPU.Build.0 = Release|Any CPU
		{FFEA97A2-CE5E-4578-A086-EB821F5139EE}.Release|ARM.ActiveCfg = Release|Any CPU
		{FFEA97A2-CE5E-4578-A086-EB821F5139EE}.Release|ARM.Build.0 = Release|Any CPU
		{FFEA97A2-CE5E-4578-A086-EB821F5139EE}.Release|iPhone.ActiveCfg = Release|Any CPU
		{FFEA97A2-CE5E-4578-A086-EB821F5139EE}.Release|iPhone.Build.0 = Release|Any CPU
		{FFEA97A2-CE5E-4578-A086-EB821F5139EE}.Release|iPhoneSimulator.ActiveCfg = Release|Any CPU
		{FFEA97A2-CE5E-4578-A086-EB821F5139EE}.Release|iPhoneSimulator.Build.0 = Release|Any CPU
		{FFEA97A2-CE5E-4578-A086-EB821F5139EE}.Release|x64.ActiveCfg = Release|Any CPU
		{FFEA97A2-CE5E-4578-A086-EB821F5139EE}.Release|x64.Build.0 = Release|Any CPU
		{FFEA97A2-CE5E-4578-A086-EB821F5139EE}.Release|x86.ActiveCfg = Release|Any CPU
		{FFEA97A2-CE5E-4578-A086-EB821F5139EE}.Release|x86.Build.0 = Release|Any CPU
		{0F63B005-C814-46C4-959C-6AD456540BD6}.Ad-Hoc|Any CPU.ActiveCfg = Release|Any CPU
		{0F63B005-C814-46C4-959C-6AD456540BD6}.Ad-Hoc|Any CPU.Build.0 = Release|Any CPU
		{0F63B005-C814-46C4-959C-6AD456540BD6}.Ad-Hoc|ARM.ActiveCfg = Release|Any CPU
		{0F63B005-C814-46C4-959C-6AD456540BD6}.Ad-Hoc|ARM.Build.0 = Release|Any CPU
		{0F63B005-C814-46C4-959C-6AD456540BD6}.Ad-Hoc|iPhone.ActiveCfg = Release|Any CPU
		{0F63B005-C814-46C4-959C-6AD456540BD6}.Ad-Hoc|iPhone.Build.0 = Release|Any CPU
		{0F63B005-C814-46C4-959C-6AD456540BD6}.Ad-Hoc|iPhoneSimulator.ActiveCfg = Release|Any CPU
		{0F63B005-C814-46C4-959C-6AD456540BD6}.Ad-Hoc|iPhoneSimulator.Build.0 = Release|Any CPU
		{0F63B005-C814-46C4-959C-6AD456540BD6}.Ad-Hoc|x64.ActiveCfg = Release|Any CPU
		{0F63B005-C814-46C4-959C-6AD456540BD6}.Ad-Hoc|x64.Build.0 = Release|Any CPU
		{0F63B005-C814-46C4-959C-6AD456540BD6}.Ad-Hoc|x86.ActiveCfg = Release|Any CPU
		{0F63B005-C814-46C4-959C-6AD456540BD6}.Ad-Hoc|x86.Build.0 = Release|Any CPU
		{0F63B005-C814-46C4-959C-6AD456540BD6}.AppStore|Any CPU.ActiveCfg = Release|Any CPU
		{0F63B005-C814-46C4-959C-6AD456540BD6}.AppStore|Any CPU.Build.0 = Release|Any CPU
		{0F63B005-C814-46C4-959C-6AD456540BD6}.AppStore|ARM.ActiveCfg = Release|Any CPU
		{0F63B005-C814-46C4-959C-6AD456540BD6}.AppStore|ARM.Build.0 = Release|Any CPU
		{0F63B005-C814-46C4-959C-6AD456540BD6}.AppStore|iPhone.ActiveCfg = Release|Any CPU
		{0F63B005-C814-46C4-959C-6AD456540BD6}.AppStore|iPhone.Build.0 = Release|Any CPU
		{0F63B005-C814-46C4-959C-6AD456540BD6}.AppStore|iPhoneSimulator.ActiveCfg = Release|Any CPU
		{0F63B005-C814-46C4-959C-6AD456540BD6}.AppStore|iPhoneSimulator.Build.0 = Release|Any CPU
		{0F63B005-C814-46C4-959C-6AD456540BD6}.AppStore|x64.ActiveCfg = Release|Any CPU
		{0F63B005-C814-46C4-959C-6AD456540BD6}.AppStore|x64.Build.0 = Release|Any CPU
		{0F63B005-C814-46C4-959C-6AD456540BD6}.AppStore|x86.ActiveCfg = Release|Any CPU
		{0F63B005-C814-46C4-959C-6AD456540BD6}.AppStore|x86.Build.0 = Release|Any CPU
		{0F63B005-C814-46C4-959C-6AD456540BD6}.Debug|Any CPU.ActiveCfg = Debug|Any CPU
		{0F63B005-C814-46C4-959C-6AD456540BD6}.Debug|Any CPU.Build.0 = Debug|Any CPU
		{0F63B005-C814-46C4-959C-6AD456540BD6}.Debug|ARM.ActiveCfg = Debug|Any CPU
		{0F63B005-C814-46C4-959C-6AD456540BD6}.Debug|ARM.Build.0 = Debug|Any CPU
		{0F63B005-C814-46C4-959C-6AD456540BD6}.Debug|iPhone.ActiveCfg = Debug|Any CPU
		{0F63B005-C814-46C4-959C-6AD456540BD6}.Debug|iPhone.Build.0 = Debug|Any CPU
		{0F63B005-C814-46C4-959C-6AD456540BD6}.Debug|iPhoneSimulator.ActiveCfg = Debug|Any CPU
		{0F63B005-C814-46C4-959C-6AD456540BD6}.Debug|iPhoneSimulator.Build.0 = Debug|Any CPU
		{0F63B005-C814-46C4-959C-6AD456540BD6}.Debug|x64.ActiveCfg = Debug|Any CPU
		{0F63B005-C814-46C4-959C-6AD456540BD6}.Debug|x64.Build.0 = Debug|Any CPU
		{0F63B005-C814-46C4-959C-6AD456540BD6}.Debug|x86.ActiveCfg = Debug|Any CPU
		{0F63B005-C814-46C4-959C-6AD456540BD6}.Debug|x86.Build.0 = Debug|Any CPU
		{0F63B005-C814-46C4-959C-6AD456540BD6}.Release|Any CPU.ActiveCfg = Release|Any CPU
		{0F63B005-C814-46C4-959C-6AD456540BD6}.Release|Any CPU.Build.0 = Release|Any CPU
		{0F63B005-C814-46C4-959C-6AD456540BD6}.Release|ARM.ActiveCfg = Release|Any CPU
		{0F63B005-C814-46C4-959C-6AD456540BD6}.Release|ARM.Build.0 = Release|Any CPU
		{0F63B005-C814-46C4-959C-6AD456540BD6}.Release|iPhone.ActiveCfg = Release|Any CPU
		{0F63B005-C814-46C4-959C-6AD456540BD6}.Release|iPhone.Build.0 = Release|Any CPU
		{0F63B005-C814-46C4-959C-6AD456540BD6}.Release|iPhoneSimulator.ActiveCfg = Release|Any CPU
		{0F63B005-C814-46C4-959C-6AD456540BD6}.Release|iPhoneSimulator.Build.0 = Release|Any CPU
		{0F63B005-C814-46C4-959C-6AD456540BD6}.Release|x64.ActiveCfg = Release|Any CPU
		{0F63B005-C814-46C4-959C-6AD456540BD6}.Release|x64.Build.0 = Release|Any CPU
		{0F63B005-C814-46C4-959C-6AD456540BD6}.Release|x86.ActiveCfg = Release|Any CPU
		{0F63B005-C814-46C4-959C-6AD456540BD6}.Release|x86.Build.0 = Release|Any CPU
		{83DAC0B6-67BE-4AA5-85F8-C9EB92C38177}.Ad-Hoc|Any CPU.ActiveCfg = Debug|x64
		{83DAC0B6-67BE-4AA5-85F8-C9EB92C38177}.Ad-Hoc|Any CPU.Build.0 = Debug|x64
		{83DAC0B6-67BE-4AA5-85F8-C9EB92C38177}.Ad-Hoc|Any CPU.Deploy.0 = Debug|x64
		{83DAC0B6-67BE-4AA5-85F8-C9EB92C38177}.Ad-Hoc|ARM.ActiveCfg = Debug|ARM
		{83DAC0B6-67BE-4AA5-85F8-C9EB92C38177}.Ad-Hoc|ARM.Build.0 = Debug|ARM
		{83DAC0B6-67BE-4AA5-85F8-C9EB92C38177}.Ad-Hoc|ARM.Deploy.0 = Debug|ARM
		{83DAC0B6-67BE-4AA5-85F8-C9EB92C38177}.Ad-Hoc|iPhone.ActiveCfg = Debug|x64
		{83DAC0B6-67BE-4AA5-85F8-C9EB92C38177}.Ad-Hoc|iPhone.Build.0 = Debug|x64
		{83DAC0B6-67BE-4AA5-85F8-C9EB92C38177}.Ad-Hoc|iPhone.Deploy.0 = Debug|x64
		{83DAC0B6-67BE-4AA5-85F8-C9EB92C38177}.Ad-Hoc|iPhoneSimulator.ActiveCfg = Debug|x64
		{83DAC0B6-67BE-4AA5-85F8-C9EB92C38177}.Ad-Hoc|iPhoneSimulator.Build.0 = Debug|x64
		{83DAC0B6-67BE-4AA5-85F8-C9EB92C38177}.Ad-Hoc|iPhoneSimulator.Deploy.0 = Debug|x64
		{83DAC0B6-67BE-4AA5-85F8-C9EB92C38177}.Ad-Hoc|x64.ActiveCfg = Debug|x64
		{83DAC0B6-67BE-4AA5-85F8-C9EB92C38177}.Ad-Hoc|x64.Build.0 = Debug|x64
		{83DAC0B6-67BE-4AA5-85F8-C9EB92C38177}.Ad-Hoc|x64.Deploy.0 = Debug|x64
		{83DAC0B6-67BE-4AA5-85F8-C9EB92C38177}.Ad-Hoc|x86.ActiveCfg = Release|x86
		{83DAC0B6-67BE-4AA5-85F8-C9EB92C38177}.Ad-Hoc|x86.Build.0 = Release|x86
		{83DAC0B6-67BE-4AA5-85F8-C9EB92C38177}.Ad-Hoc|x86.Deploy.0 = Release|x86
		{83DAC0B6-67BE-4AA5-85F8-C9EB92C38177}.AppStore|Any CPU.ActiveCfg = Debug|x64
		{83DAC0B6-67BE-4AA5-85F8-C9EB92C38177}.AppStore|Any CPU.Build.0 = Debug|x64
		{83DAC0B6-67BE-4AA5-85F8-C9EB92C38177}.AppStore|Any CPU.Deploy.0 = Debug|x64
		{83DAC0B6-67BE-4AA5-85F8-C9EB92C38177}.AppStore|ARM.ActiveCfg = Debug|ARM
		{83DAC0B6-67BE-4AA5-85F8-C9EB92C38177}.AppStore|ARM.Build.0 = Debug|ARM
		{83DAC0B6-67BE-4AA5-85F8-C9EB92C38177}.AppStore|ARM.Deploy.0 = Debug|ARM
		{83DAC0B6-67BE-4AA5-85F8-C9EB92C38177}.AppStore|iPhone.ActiveCfg = Debug|x64
		{83DAC0B6-67BE-4AA5-85F8-C9EB92C38177}.AppStore|iPhone.Build.0 = Debug|x64
		{83DAC0B6-67BE-4AA5-85F8-C9EB92C38177}.AppStore|iPhone.Deploy.0 = Debug|x64
		{83DAC0B6-67BE-4AA5-85F8-C9EB92C38177}.AppStore|iPhoneSimulator.ActiveCfg = Debug|x64
		{83DAC0B6-67BE-4AA5-85F8-C9EB92C38177}.AppStore|iPhoneSimulator.Build.0 = Debug|x64
		{83DAC0B6-67BE-4AA5-85F8-C9EB92C38177}.AppStore|iPhoneSimulator.Deploy.0 = Debug|x64
		{83DAC0B6-67BE-4AA5-85F8-C9EB92C38177}.AppStore|x64.ActiveCfg = Debug|x64
		{83DAC0B6-67BE-4AA5-85F8-C9EB92C38177}.AppStore|x64.Build.0 = Debug|x64
		{83DAC0B6-67BE-4AA5-85F8-C9EB92C38177}.AppStore|x64.Deploy.0 = Debug|x64
		{83DAC0B6-67BE-4AA5-85F8-C9EB92C38177}.AppStore|x86.ActiveCfg = Release|x86
		{83DAC0B6-67BE-4AA5-85F8-C9EB92C38177}.AppStore|x86.Build.0 = Release|x86
		{83DAC0B6-67BE-4AA5-85F8-C9EB92C38177}.AppStore|x86.Deploy.0 = Release|x86
		{83DAC0B6-67BE-4AA5-85F8-C9EB92C38177}.Debug|Any CPU.ActiveCfg = Debug|x86
		{83DAC0B6-67BE-4AA5-85F8-C9EB92C38177}.Debug|ARM.ActiveCfg = Debug|x86
		{83DAC0B6-67BE-4AA5-85F8-C9EB92C38177}.Debug|ARM.Build.0 = Debug|x86
		{83DAC0B6-67BE-4AA5-85F8-C9EB92C38177}.Debug|ARM.Deploy.0 = Debug|x86
		{83DAC0B6-67BE-4AA5-85F8-C9EB92C38177}.Debug|iPhone.ActiveCfg = Debug|x86
		{83DAC0B6-67BE-4AA5-85F8-C9EB92C38177}.Debug|iPhoneSimulator.ActiveCfg = Debug|x86
		{83DAC0B6-67BE-4AA5-85F8-C9EB92C38177}.Debug|x64.ActiveCfg = Debug|x86
		{83DAC0B6-67BE-4AA5-85F8-C9EB92C38177}.Debug|x64.Build.0 = Debug|x86
		{83DAC0B6-67BE-4AA5-85F8-C9EB92C38177}.Debug|x64.Deploy.0 = Debug|x86
		{83DAC0B6-67BE-4AA5-85F8-C9EB92C38177}.Debug|x86.ActiveCfg = Debug|x86
		{83DAC0B6-67BE-4AA5-85F8-C9EB92C38177}.Debug|x86.Build.0 = Debug|x86
		{83DAC0B6-67BE-4AA5-85F8-C9EB92C38177}.Debug|x86.Deploy.0 = Debug|x86
		{83DAC0B6-67BE-4AA5-85F8-C9EB92C38177}.Release|Any CPU.ActiveCfg = Release|x86
		{83DAC0B6-67BE-4AA5-85F8-C9EB92C38177}.Release|Any CPU.Build.0 = Release|x86
		{83DAC0B6-67BE-4AA5-85F8-C9EB92C38177}.Release|Any CPU.Deploy.0 = Release|x86
		{83DAC0B6-67BE-4AA5-85F8-C9EB92C38177}.Release|ARM.ActiveCfg = Release|ARM
		{83DAC0B6-67BE-4AA5-85F8-C9EB92C38177}.Release|ARM.Build.0 = Release|ARM
		{83DAC0B6-67BE-4AA5-85F8-C9EB92C38177}.Release|ARM.Deploy.0 = Release|ARM
		{83DAC0B6-67BE-4AA5-85F8-C9EB92C38177}.Release|iPhone.ActiveCfg = Release|x86
		{83DAC0B6-67BE-4AA5-85F8-C9EB92C38177}.Release|iPhoneSimulator.ActiveCfg = Release|x86
		{83DAC0B6-67BE-4AA5-85F8-C9EB92C38177}.Release|x64.ActiveCfg = Release|x64
		{83DAC0B6-67BE-4AA5-85F8-C9EB92C38177}.Release|x64.Build.0 = Release|x64
		{83DAC0B6-67BE-4AA5-85F8-C9EB92C38177}.Release|x64.Deploy.0 = Release|x64
		{83DAC0B6-67BE-4AA5-85F8-C9EB92C38177}.Release|x86.ActiveCfg = Release|x86
		{83DAC0B6-67BE-4AA5-85F8-C9EB92C38177}.Release|x86.Build.0 = Release|x86
		{83DAC0B6-67BE-4AA5-85F8-C9EB92C38177}.Release|x86.Deploy.0 = Release|x86
		{0FBA28A0-6220-4D2D-A7B3-530DD7EB337B}.Ad-Hoc|Any CPU.ActiveCfg = Release|Any CPU
		{0FBA28A0-6220-4D2D-A7B3-530DD7EB337B}.Ad-Hoc|Any CPU.Build.0 = Release|Any CPU
		{0FBA28A0-6220-4D2D-A7B3-530DD7EB337B}.Ad-Hoc|Any CPU.Deploy.0 = Release|Any CPU
		{0FBA28A0-6220-4D2D-A7B3-530DD7EB337B}.Ad-Hoc|ARM.ActiveCfg = Release|Any CPU
		{0FBA28A0-6220-4D2D-A7B3-530DD7EB337B}.Ad-Hoc|ARM.Build.0 = Release|Any CPU
		{0FBA28A0-6220-4D2D-A7B3-530DD7EB337B}.Ad-Hoc|ARM.Deploy.0 = Release|Any CPU
		{0FBA28A0-6220-4D2D-A7B3-530DD7EB337B}.Ad-Hoc|iPhone.ActiveCfg = Release|Any CPU
		{0FBA28A0-6220-4D2D-A7B3-530DD7EB337B}.Ad-Hoc|iPhone.Build.0 = Release|Any CPU
		{0FBA28A0-6220-4D2D-A7B3-530DD7EB337B}.Ad-Hoc|iPhone.Deploy.0 = Release|Any CPU
		{0FBA28A0-6220-4D2D-A7B3-530DD7EB337B}.Ad-Hoc|iPhoneSimulator.ActiveCfg = Release|Any CPU
		{0FBA28A0-6220-4D2D-A7B3-530DD7EB337B}.Ad-Hoc|iPhoneSimulator.Build.0 = Release|Any CPU
		{0FBA28A0-6220-4D2D-A7B3-530DD7EB337B}.Ad-Hoc|iPhoneSimulator.Deploy.0 = Release|Any CPU
		{0FBA28A0-6220-4D2D-A7B3-530DD7EB337B}.Ad-Hoc|x64.ActiveCfg = Release|Any CPU
		{0FBA28A0-6220-4D2D-A7B3-530DD7EB337B}.Ad-Hoc|x64.Build.0 = Release|Any CPU
		{0FBA28A0-6220-4D2D-A7B3-530DD7EB337B}.Ad-Hoc|x64.Deploy.0 = Release|Any CPU
		{0FBA28A0-6220-4D2D-A7B3-530DD7EB337B}.Ad-Hoc|x86.ActiveCfg = Release|Any CPU
		{0FBA28A0-6220-4D2D-A7B3-530DD7EB337B}.Ad-Hoc|x86.Build.0 = Release|Any CPU
		{0FBA28A0-6220-4D2D-A7B3-530DD7EB337B}.Ad-Hoc|x86.Deploy.0 = Release|Any CPU
		{0FBA28A0-6220-4D2D-A7B3-530DD7EB337B}.AppStore|Any CPU.ActiveCfg = Release|Any CPU
		{0FBA28A0-6220-4D2D-A7B3-530DD7EB337B}.AppStore|Any CPU.Build.0 = Release|Any CPU
		{0FBA28A0-6220-4D2D-A7B3-530DD7EB337B}.AppStore|Any CPU.Deploy.0 = Release|Any CPU
		{0FBA28A0-6220-4D2D-A7B3-530DD7EB337B}.AppStore|ARM.ActiveCfg = Release|Any CPU
		{0FBA28A0-6220-4D2D-A7B3-530DD7EB337B}.AppStore|ARM.Build.0 = Release|Any CPU
		{0FBA28A0-6220-4D2D-A7B3-530DD7EB337B}.AppStore|ARM.Deploy.0 = Release|Any CPU
		{0FBA28A0-6220-4D2D-A7B3-530DD7EB337B}.AppStore|iPhone.ActiveCfg = Release|Any CPU
		{0FBA28A0-6220-4D2D-A7B3-530DD7EB337B}.AppStore|iPhone.Build.0 = Release|Any CPU
		{0FBA28A0-6220-4D2D-A7B3-530DD7EB337B}.AppStore|iPhone.Deploy.0 = Release|Any CPU
		{0FBA28A0-6220-4D2D-A7B3-530DD7EB337B}.AppStore|iPhoneSimulator.ActiveCfg = Release|Any CPU
		{0FBA28A0-6220-4D2D-A7B3-530DD7EB337B}.AppStore|iPhoneSimulator.Build.0 = Release|Any CPU
		{0FBA28A0-6220-4D2D-A7B3-530DD7EB337B}.AppStore|iPhoneSimulator.Deploy.0 = Release|Any CPU
		{0FBA28A0-6220-4D2D-A7B3-530DD7EB337B}.AppStore|x64.ActiveCfg = Release|Any CPU
		{0FBA28A0-6220-4D2D-A7B3-530DD7EB337B}.AppStore|x64.Build.0 = Release|Any CPU
		{0FBA28A0-6220-4D2D-A7B3-530DD7EB337B}.AppStore|x64.Deploy.0 = Release|Any CPU
		{0FBA28A0-6220-4D2D-A7B3-530DD7EB337B}.AppStore|x86.ActiveCfg = Release|Any CPU
		{0FBA28A0-6220-4D2D-A7B3-530DD7EB337B}.AppStore|x86.Build.0 = Release|Any CPU
		{0FBA28A0-6220-4D2D-A7B3-530DD7EB337B}.AppStore|x86.Deploy.0 = Release|Any CPU
		{0FBA28A0-6220-4D2D-A7B3-530DD7EB337B}.Debug|Any CPU.ActiveCfg = Debug|Any CPU
		{0FBA28A0-6220-4D2D-A7B3-530DD7EB337B}.Debug|Any CPU.Build.0 = Debug|Any CPU
		{0FBA28A0-6220-4D2D-A7B3-530DD7EB337B}.Debug|Any CPU.Deploy.0 = Debug|Any CPU
		{0FBA28A0-6220-4D2D-A7B3-530DD7EB337B}.Debug|ARM.ActiveCfg = Debug|Any CPU
		{0FBA28A0-6220-4D2D-A7B3-530DD7EB337B}.Debug|ARM.Build.0 = Debug|Any CPU
		{0FBA28A0-6220-4D2D-A7B3-530DD7EB337B}.Debug|ARM.Deploy.0 = Debug|Any CPU
		{0FBA28A0-6220-4D2D-A7B3-530DD7EB337B}.Debug|iPhone.ActiveCfg = Debug|Any CPU
		{0FBA28A0-6220-4D2D-A7B3-530DD7EB337B}.Debug|iPhone.Build.0 = Debug|Any CPU
		{0FBA28A0-6220-4D2D-A7B3-530DD7EB337B}.Debug|iPhone.Deploy.0 = Debug|Any CPU
		{0FBA28A0-6220-4D2D-A7B3-530DD7EB337B}.Debug|iPhoneSimulator.ActiveCfg = Debug|Any CPU
		{0FBA28A0-6220-4D2D-A7B3-530DD7EB337B}.Debug|iPhoneSimulator.Build.0 = Debug|Any CPU
		{0FBA28A0-6220-4D2D-A7B3-530DD7EB337B}.Debug|iPhoneSimulator.Deploy.0 = Debug|Any CPU
		{0FBA28A0-6220-4D2D-A7B3-530DD7EB337B}.Debug|x64.ActiveCfg = Debug|Any CPU
		{0FBA28A0-6220-4D2D-A7B3-530DD7EB337B}.Debug|x64.Build.0 = Debug|Any CPU
		{0FBA28A0-6220-4D2D-A7B3-530DD7EB337B}.Debug|x64.Deploy.0 = Debug|Any CPU
		{0FBA28A0-6220-4D2D-A7B3-530DD7EB337B}.Debug|x86.ActiveCfg = Debug|Any CPU
		{0FBA28A0-6220-4D2D-A7B3-530DD7EB337B}.Debug|x86.Build.0 = Debug|Any CPU
		{0FBA28A0-6220-4D2D-A7B3-530DD7EB337B}.Debug|x86.Deploy.0 = Debug|Any CPU
		{0FBA28A0-6220-4D2D-A7B3-530DD7EB337B}.Release|Any CPU.ActiveCfg = Release|Any CPU
		{0FBA28A0-6220-4D2D-A7B3-530DD7EB337B}.Release|Any CPU.Build.0 = Release|Any CPU
		{0FBA28A0-6220-4D2D-A7B3-530DD7EB337B}.Release|Any CPU.Deploy.0 = Release|Any CPU
		{0FBA28A0-6220-4D2D-A7B3-530DD7EB337B}.Release|ARM.ActiveCfg = Release|Any CPU
		{0FBA28A0-6220-4D2D-A7B3-530DD7EB337B}.Release|ARM.Build.0 = Release|Any CPU
		{0FBA28A0-6220-4D2D-A7B3-530DD7EB337B}.Release|ARM.Deploy.0 = Release|Any CPU
		{0FBA28A0-6220-4D2D-A7B3-530DD7EB337B}.Release|iPhone.ActiveCfg = Release|Any CPU
		{0FBA28A0-6220-4D2D-A7B3-530DD7EB337B}.Release|iPhone.Build.0 = Release|Any CPU
		{0FBA28A0-6220-4D2D-A7B3-530DD7EB337B}.Release|iPhone.Deploy.0 = Release|Any CPU
		{0FBA28A0-6220-4D2D-A7B3-530DD7EB337B}.Release|iPhoneSimulator.ActiveCfg = Release|Any CPU
		{0FBA28A0-6220-4D2D-A7B3-530DD7EB337B}.Release|iPhoneSimulator.Build.0 = Release|Any CPU
		{0FBA28A0-6220-4D2D-A7B3-530DD7EB337B}.Release|iPhoneSimulator.Deploy.0 = Release|Any CPU
		{0FBA28A0-6220-4D2D-A7B3-530DD7EB337B}.Release|x64.ActiveCfg = Release|Any CPU
		{0FBA28A0-6220-4D2D-A7B3-530DD7EB337B}.Release|x64.Build.0 = Release|Any CPU
		{0FBA28A0-6220-4D2D-A7B3-530DD7EB337B}.Release|x64.Deploy.0 = Release|Any CPU
		{0FBA28A0-6220-4D2D-A7B3-530DD7EB337B}.Release|x86.ActiveCfg = Release|Any CPU
		{0FBA28A0-6220-4D2D-A7B3-530DD7EB337B}.Release|x86.Build.0 = Release|Any CPU
		{0FBA28A0-6220-4D2D-A7B3-530DD7EB337B}.Release|x86.Deploy.0 = Release|Any CPU
		{746E3684-6796-412A-9057-05A784726903}.Ad-Hoc|Any CPU.ActiveCfg = Ad-Hoc|iPhone
		{746E3684-6796-412A-9057-05A784726903}.Ad-Hoc|ARM.ActiveCfg = Ad-Hoc|iPhone
		{746E3684-6796-412A-9057-05A784726903}.Ad-Hoc|iPhone.ActiveCfg = Ad-Hoc|iPhone
		{746E3684-6796-412A-9057-05A784726903}.Ad-Hoc|iPhone.Build.0 = Ad-Hoc|iPhone
		{746E3684-6796-412A-9057-05A784726903}.Ad-Hoc|iPhoneSimulator.ActiveCfg = Ad-Hoc|iPhoneSimulator
		{746E3684-6796-412A-9057-05A784726903}.Ad-Hoc|iPhoneSimulator.Build.0 = Ad-Hoc|iPhoneSimulator
		{746E3684-6796-412A-9057-05A784726903}.Ad-Hoc|x64.ActiveCfg = Ad-Hoc|iPhone
		{746E3684-6796-412A-9057-05A784726903}.Ad-Hoc|x86.ActiveCfg = Ad-Hoc|iPhone
		{746E3684-6796-412A-9057-05A784726903}.AppStore|Any CPU.ActiveCfg = AppStore|iPhone
		{746E3684-6796-412A-9057-05A784726903}.AppStore|ARM.ActiveCfg = AppStore|iPhone
		{746E3684-6796-412A-9057-05A784726903}.AppStore|iPhone.ActiveCfg = AppStore|iPhone
		{746E3684-6796-412A-9057-05A784726903}.AppStore|iPhone.Build.0 = AppStore|iPhone
		{746E3684-6796-412A-9057-05A784726903}.AppStore|iPhoneSimulator.ActiveCfg = AppStore|iPhoneSimulator
		{746E3684-6796-412A-9057-05A784726903}.AppStore|iPhoneSimulator.Build.0 = AppStore|iPhoneSimulator
		{746E3684-6796-412A-9057-05A784726903}.AppStore|x64.ActiveCfg = AppStore|iPhone
		{746E3684-6796-412A-9057-05A784726903}.AppStore|x86.ActiveCfg = AppStore|iPhone
		{746E3684-6796-412A-9057-05A784726903}.Debug|Any CPU.ActiveCfg = Debug|iPhone
		{746E3684-6796-412A-9057-05A784726903}.Debug|ARM.ActiveCfg = Debug|iPhone
		{746E3684-6796-412A-9057-05A784726903}.Debug|iPhone.ActiveCfg = Debug|iPhone
		{746E3684-6796-412A-9057-05A784726903}.Debug|iPhone.Build.0 = Debug|iPhone
		{746E3684-6796-412A-9057-05A784726903}.Debug|iPhoneSimulator.ActiveCfg = Debug|iPhoneSimulator
		{746E3684-6796-412A-9057-05A784726903}.Debug|iPhoneSimulator.Build.0 = Debug|iPhoneSimulator
		{746E3684-6796-412A-9057-05A784726903}.Debug|x64.ActiveCfg = Debug|iPhone
		{746E3684-6796-412A-9057-05A784726903}.Debug|x86.ActiveCfg = Debug|iPhone
		{746E3684-6796-412A-9057-05A784726903}.Release|Any CPU.ActiveCfg = Release|iPhone
		{746E3684-6796-412A-9057-05A784726903}.Release|ARM.ActiveCfg = Release|iPhone
		{746E3684-6796-412A-9057-05A784726903}.Release|iPhone.ActiveCfg = Release|iPhone
		{746E3684-6796-412A-9057-05A784726903}.Release|iPhone.Build.0 = Release|iPhone
		{746E3684-6796-412A-9057-05A784726903}.Release|iPhoneSimulator.ActiveCfg = Release|iPhoneSimulator
		{746E3684-6796-412A-9057-05A784726903}.Release|iPhoneSimulator.Build.0 = Release|iPhoneSimulator
		{746E3684-6796-412A-9057-05A784726903}.Release|x64.ActiveCfg = Release|iPhone
		{746E3684-6796-412A-9057-05A784726903}.Release|x86.ActiveCfg = Release|iPhone
		{B9F6254D-82B3-4CE7-BC31-DD41B9CD078C}.Ad-Hoc|Any CPU.ActiveCfg = Release|x86
		{B9F6254D-82B3-4CE7-BC31-DD41B9CD078C}.Ad-Hoc|Any CPU.Build.0 = Release|x86
		{B9F6254D-82B3-4CE7-BC31-DD41B9CD078C}.Ad-Hoc|Any CPU.Deploy.0 = Release|x86
		{B9F6254D-82B3-4CE7-BC31-DD41B9CD078C}.Ad-Hoc|ARM.ActiveCfg = Release|ARM
		{B9F6254D-82B3-4CE7-BC31-DD41B9CD078C}.Ad-Hoc|ARM.Build.0 = Release|ARM
		{B9F6254D-82B3-4CE7-BC31-DD41B9CD078C}.Ad-Hoc|ARM.Deploy.0 = Release|ARM
		{B9F6254D-82B3-4CE7-BC31-DD41B9CD078C}.Ad-Hoc|iPhone.ActiveCfg = Release|x86
		{B9F6254D-82B3-4CE7-BC31-DD41B9CD078C}.Ad-Hoc|iPhone.Build.0 = Release|x86
		{B9F6254D-82B3-4CE7-BC31-DD41B9CD078C}.Ad-Hoc|iPhone.Deploy.0 = Release|x86
		{B9F6254D-82B3-4CE7-BC31-DD41B9CD078C}.Ad-Hoc|iPhoneSimulator.ActiveCfg = Release|x86
		{B9F6254D-82B3-4CE7-BC31-DD41B9CD078C}.Ad-Hoc|iPhoneSimulator.Build.0 = Release|x86
		{B9F6254D-82B3-4CE7-BC31-DD41B9CD078C}.Ad-Hoc|iPhoneSimulator.Deploy.0 = Release|x86
		{B9F6254D-82B3-4CE7-BC31-DD41B9CD078C}.Ad-Hoc|x64.ActiveCfg = Release|x64
		{B9F6254D-82B3-4CE7-BC31-DD41B9CD078C}.Ad-Hoc|x64.Build.0 = Release|x64
		{B9F6254D-82B3-4CE7-BC31-DD41B9CD078C}.Ad-Hoc|x64.Deploy.0 = Release|x64
		{B9F6254D-82B3-4CE7-BC31-DD41B9CD078C}.Ad-Hoc|x86.ActiveCfg = Release|x86
		{B9F6254D-82B3-4CE7-BC31-DD41B9CD078C}.Ad-Hoc|x86.Build.0 = Release|x86
		{B9F6254D-82B3-4CE7-BC31-DD41B9CD078C}.Ad-Hoc|x86.Deploy.0 = Release|x86
		{B9F6254D-82B3-4CE7-BC31-DD41B9CD078C}.AppStore|Any CPU.ActiveCfg = Release|x86
		{B9F6254D-82B3-4CE7-BC31-DD41B9CD078C}.AppStore|Any CPU.Build.0 = Release|x86
		{B9F6254D-82B3-4CE7-BC31-DD41B9CD078C}.AppStore|Any CPU.Deploy.0 = Release|x86
		{B9F6254D-82B3-4CE7-BC31-DD41B9CD078C}.AppStore|ARM.ActiveCfg = Release|ARM
		{B9F6254D-82B3-4CE7-BC31-DD41B9CD078C}.AppStore|ARM.Build.0 = Release|ARM
		{B9F6254D-82B3-4CE7-BC31-DD41B9CD078C}.AppStore|ARM.Deploy.0 = Release|ARM
		{B9F6254D-82B3-4CE7-BC31-DD41B9CD078C}.AppStore|iPhone.ActiveCfg = Release|x86
		{B9F6254D-82B3-4CE7-BC31-DD41B9CD078C}.AppStore|iPhone.Build.0 = Release|x86
		{B9F6254D-82B3-4CE7-BC31-DD41B9CD078C}.AppStore|iPhone.Deploy.0 = Release|x86
		{B9F6254D-82B3-4CE7-BC31-DD41B9CD078C}.AppStore|iPhoneSimulator.ActiveCfg = Release|x86
		{B9F6254D-82B3-4CE7-BC31-DD41B9CD078C}.AppStore|iPhoneSimulator.Build.0 = Release|x86
		{B9F6254D-82B3-4CE7-BC31-DD41B9CD078C}.AppStore|iPhoneSimulator.Deploy.0 = Release|x86
		{B9F6254D-82B3-4CE7-BC31-DD41B9CD078C}.AppStore|x64.ActiveCfg = Release|x64
		{B9F6254D-82B3-4CE7-BC31-DD41B9CD078C}.AppStore|x64.Build.0 = Release|x64
		{B9F6254D-82B3-4CE7-BC31-DD41B9CD078C}.AppStore|x64.Deploy.0 = Release|x64
		{B9F6254D-82B3-4CE7-BC31-DD41B9CD078C}.AppStore|x86.ActiveCfg = Release|x86
		{B9F6254D-82B3-4CE7-BC31-DD41B9CD078C}.AppStore|x86.Build.0 = Release|x86
		{B9F6254D-82B3-4CE7-BC31-DD41B9CD078C}.AppStore|x86.Deploy.0 = Release|x86
		{B9F6254D-82B3-4CE7-BC31-DD41B9CD078C}.Debug|Any CPU.ActiveCfg = Debug|x86
		{B9F6254D-82B3-4CE7-BC31-DD41B9CD078C}.Debug|ARM.ActiveCfg = Debug|ARM
		{B9F6254D-82B3-4CE7-BC31-DD41B9CD078C}.Debug|ARM.Build.0 = Debug|ARM
		{B9F6254D-82B3-4CE7-BC31-DD41B9CD078C}.Debug|ARM.Deploy.0 = Debug|ARM
		{B9F6254D-82B3-4CE7-BC31-DD41B9CD078C}.Debug|iPhone.ActiveCfg = Debug|x86
		{B9F6254D-82B3-4CE7-BC31-DD41B9CD078C}.Debug|iPhoneSimulator.ActiveCfg = Debug|x86
		{B9F6254D-82B3-4CE7-BC31-DD41B9CD078C}.Debug|x64.ActiveCfg = Debug|x64
		{B9F6254D-82B3-4CE7-BC31-DD41B9CD078C}.Debug|x64.Build.0 = Debug|x64
		{B9F6254D-82B3-4CE7-BC31-DD41B9CD078C}.Debug|x64.Deploy.0 = Debug|x64
		{B9F6254D-82B3-4CE7-BC31-DD41B9CD078C}.Debug|x86.ActiveCfg = Debug|x86
		{B9F6254D-82B3-4CE7-BC31-DD41B9CD078C}.Debug|x86.Build.0 = Debug|x86
		{B9F6254D-82B3-4CE7-BC31-DD41B9CD078C}.Debug|x86.Deploy.0 = Debug|x86
		{B9F6254D-82B3-4CE7-BC31-DD41B9CD078C}.Release|Any CPU.ActiveCfg = Release|x86
		{B9F6254D-82B3-4CE7-BC31-DD41B9CD078C}.Release|ARM.ActiveCfg = Release|ARM
		{B9F6254D-82B3-4CE7-BC31-DD41B9CD078C}.Release|ARM.Build.0 = Release|ARM
		{B9F6254D-82B3-4CE7-BC31-DD41B9CD078C}.Release|ARM.Deploy.0 = Release|ARM
		{B9F6254D-82B3-4CE7-BC31-DD41B9CD078C}.Release|iPhone.ActiveCfg = Release|x86
		{B9F6254D-82B3-4CE7-BC31-DD41B9CD078C}.Release|iPhoneSimulator.ActiveCfg = Release|x86
		{B9F6254D-82B3-4CE7-BC31-DD41B9CD078C}.Release|x64.ActiveCfg = Release|x64
		{B9F6254D-82B3-4CE7-BC31-DD41B9CD078C}.Release|x64.Build.0 = Release|x64
		{B9F6254D-82B3-4CE7-BC31-DD41B9CD078C}.Release|x64.Deploy.0 = Release|x64
		{B9F6254D-82B3-4CE7-BC31-DD41B9CD078C}.Release|x86.ActiveCfg = Release|x86
		{B9F6254D-82B3-4CE7-BC31-DD41B9CD078C}.Release|x86.Build.0 = Release|x86
		{B9F6254D-82B3-4CE7-BC31-DD41B9CD078C}.Release|x86.Deploy.0 = Release|x86
		{7A1C36FF-1D34-4597-A16D-C1A907090818}.Ad-Hoc|Any CPU.ActiveCfg = Debug|Any CPU
		{7A1C36FF-1D34-4597-A16D-C1A907090818}.Ad-Hoc|Any CPU.Build.0 = Debug|Any CPU
		{7A1C36FF-1D34-4597-A16D-C1A907090818}.Ad-Hoc|ARM.ActiveCfg = Debug|Any CPU
		{7A1C36FF-1D34-4597-A16D-C1A907090818}.Ad-Hoc|ARM.Build.0 = Debug|Any CPU
		{7A1C36FF-1D34-4597-A16D-C1A907090818}.Ad-Hoc|iPhone.ActiveCfg = Debug|Any CPU
		{7A1C36FF-1D34-4597-A16D-C1A907090818}.Ad-Hoc|iPhone.Build.0 = Debug|Any CPU
		{7A1C36FF-1D34-4597-A16D-C1A907090818}.Ad-Hoc|iPhoneSimulator.ActiveCfg = Debug|Any CPU
		{7A1C36FF-1D34-4597-A16D-C1A907090818}.Ad-Hoc|iPhoneSimulator.Build.0 = Debug|Any CPU
		{7A1C36FF-1D34-4597-A16D-C1A907090818}.Ad-Hoc|x64.ActiveCfg = Debug|Any CPU
		{7A1C36FF-1D34-4597-A16D-C1A907090818}.Ad-Hoc|x64.Build.0 = Debug|Any CPU
		{7A1C36FF-1D34-4597-A16D-C1A907090818}.Ad-Hoc|x86.ActiveCfg = Debug|Any CPU
		{7A1C36FF-1D34-4597-A16D-C1A907090818}.Ad-Hoc|x86.Build.0 = Debug|Any CPU
		{7A1C36FF-1D34-4597-A16D-C1A907090818}.AppStore|Any CPU.ActiveCfg = Debug|Any CPU
		{7A1C36FF-1D34-4597-A16D-C1A907090818}.AppStore|Any CPU.Build.0 = Debug|Any CPU
		{7A1C36FF-1D34-4597-A16D-C1A907090818}.AppStore|ARM.ActiveCfg = Debug|Any CPU
		{7A1C36FF-1D34-4597-A16D-C1A907090818}.AppStore|ARM.Build.0 = Debug|Any CPU
		{7A1C36FF-1D34-4597-A16D-C1A907090818}.AppStore|iPhone.ActiveCfg = Debug|Any CPU
		{7A1C36FF-1D34-4597-A16D-C1A907090818}.AppStore|iPhone.Build.0 = Debug|Any CPU
		{7A1C36FF-1D34-4597-A16D-C1A907090818}.AppStore|iPhoneSimulator.ActiveCfg = Debug|Any CPU
		{7A1C36FF-1D34-4597-A16D-C1A907090818}.AppStore|iPhoneSimulator.Build.0 = Debug|Any CPU
		{7A1C36FF-1D34-4597-A16D-C1A907090818}.AppStore|x64.ActiveCfg = Debug|Any CPU
		{7A1C36FF-1D34-4597-A16D-C1A907090818}.AppStore|x64.Build.0 = Debug|Any CPU
		{7A1C36FF-1D34-4597-A16D-C1A907090818}.AppStore|x86.ActiveCfg = Debug|Any CPU
		{7A1C36FF-1D34-4597-A16D-C1A907090818}.AppStore|x86.Build.0 = Debug|Any CPU
		{7A1C36FF-1D34-4597-A16D-C1A907090818}.Debug|Any CPU.ActiveCfg = Debug|Any CPU
		{7A1C36FF-1D34-4597-A16D-C1A907090818}.Debug|Any CPU.Build.0 = Debug|Any CPU
		{7A1C36FF-1D34-4597-A16D-C1A907090818}.Debug|ARM.ActiveCfg = Debug|Any CPU
		{7A1C36FF-1D34-4597-A16D-C1A907090818}.Debug|ARM.Build.0 = Debug|Any CPU
		{7A1C36FF-1D34-4597-A16D-C1A907090818}.Debug|iPhone.ActiveCfg = Debug|Any CPU
		{7A1C36FF-1D34-4597-A16D-C1A907090818}.Debug|iPhone.Build.0 = Debug|Any CPU
		{7A1C36FF-1D34-4597-A16D-C1A907090818}.Debug|iPhoneSimulator.ActiveCfg = Debug|Any CPU
		{7A1C36FF-1D34-4597-A16D-C1A907090818}.Debug|iPhoneSimulator.Build.0 = Debug|Any CPU
		{7A1C36FF-1D34-4597-A16D-C1A907090818}.Debug|x64.ActiveCfg = Debug|Any CPU
		{7A1C36FF-1D34-4597-A16D-C1A907090818}.Debug|x64.Build.0 = Debug|Any CPU
		{7A1C36FF-1D34-4597-A16D-C1A907090818}.Debug|x86.ActiveCfg = Debug|Any CPU
		{7A1C36FF-1D34-4597-A16D-C1A907090818}.Debug|x86.Build.0 = Debug|Any CPU
		{7A1C36FF-1D34-4597-A16D-C1A907090818}.Release|Any CPU.ActiveCfg = Release|Any CPU
		{7A1C36FF-1D34-4597-A16D-C1A907090818}.Release|Any CPU.Build.0 = Release|Any CPU
		{7A1C36FF-1D34-4597-A16D-C1A907090818}.Release|ARM.ActiveCfg = Release|Any CPU
		{7A1C36FF-1D34-4597-A16D-C1A907090818}.Release|ARM.Build.0 = Release|Any CPU
		{7A1C36FF-1D34-4597-A16D-C1A907090818}.Release|iPhone.ActiveCfg = Release|Any CPU
		{7A1C36FF-1D34-4597-A16D-C1A907090818}.Release|iPhone.Build.0 = Release|Any CPU
		{7A1C36FF-1D34-4597-A16D-C1A907090818}.Release|iPhoneSimulator.ActiveCfg = Release|Any CPU
		{7A1C36FF-1D34-4597-A16D-C1A907090818}.Release|iPhoneSimulator.Build.0 = Release|Any CPU
		{7A1C36FF-1D34-4597-A16D-C1A907090818}.Release|x64.ActiveCfg = Release|Any CPU
		{7A1C36FF-1D34-4597-A16D-C1A907090818}.Release|x64.Build.0 = Release|Any CPU
		{7A1C36FF-1D34-4597-A16D-C1A907090818}.Release|x86.ActiveCfg = Release|Any CPU
		{7A1C36FF-1D34-4597-A16D-C1A907090818}.Release|x86.Build.0 = Release|Any CPU
	EndGlobalSection
	GlobalSection(SolutionProperties) = preSolution
		HideSolutionNode = FALSE
	EndGlobalSection
	GlobalSection(ExtensibilityGlobals) = postSolution
		SolutionGuid = {8E315033-9838-41A4-9C60-CBC2AFFBE78A}
	EndGlobalSection
EndGlobal
