
Microsoft Visual Studio Solution File, Format Version 12.00
# Visual Studio 15
VisualStudioVersion = 15.0.27428.2002
MinimumVisualStudioVersion = 10.0.40219.1
Project("{9A19103F-16F7-4668-BE54-9A1E7A4F7556}") = "WebApi.POC", "WebApi.POC\WebApi.POC.csproj", "{F30CA6A1-BE84-486E-BFA4-8F21C71D5327}"
EndProject
Project("{9A19103F-16F7-4668-BE54-9A1E7A4F7556}") = "WebApi.Security", "WebApi.Security\WebApi.Security.csproj", "{FFEA97A2-CE5E-4578-A086-EB821F5139EE}"
EndProject
Project("{9A19103F-16F7-4668-BE54-9A1E7A4F7556}") = "WebApi.Shared", "WebApi.Shared\WebApi.Shared.csproj", "{0F63B005-C814-46C4-959C-6AD456540BD6}"
EndProject
Project("{FAE04EC0-301F-11D3-BF4B-00C04F79EFBC}") = "WebApi.Droid", "WebApi.Droid\WebApi.Droid.csproj", "{DD3F11AB-9696-412A-A67F-A0A940AD7514}"
EndProject
Project("{9A19103F-16F7-4668-BE54-9A1E7A4F7556}") = "WebApi.Client.Shared", "WebApi.Client.Shared\WebApi.Client.Shared.csproj", "{AF61FA78-5351-472B-AD8A-337BAB6B6063}"
EndProject
Project("{FAE04EC0-301F-11D3-BF4B-00C04F79EFBC}") = "WebApi.iOS", "WebApi.iOS\WebApi.iOS.csproj", "{B8DBAA36-CB39-4F15-9909-E19CC4375287}"
EndProject
Global
	GlobalSection(SolutionConfigurationPlatforms) = preSolution
		Ad-Hoc|Any CPU = Ad-Hoc|Any CPU
		Ad-Hoc|ARM = Ad-Hoc|ARM
		Ad-Hoc|iPhone = Ad-Hoc|iPhone
		Ad-Hoc|iPhoneSimulator = Ad-Hoc|iPhoneSimulator
		Ad-Hoc|x64 = Ad-Hoc|x64
		Ad-Hoc|x86 = Ad-Hoc|x86
		AppStore|Any CPU = AppStore|Any CPU
		AppStore|ARM = AppStore|ARM
		AppStore|iPhone = AppStore|iPhone
		AppStore|iPhoneSimulator = AppStore|iPhoneSimulator
		AppStore|x64 = AppStore|x64
		AppStore|x86 = AppStore|x86
		Debug|Any CPU = Debug|Any CPU
		Debug|ARM = Debug|ARM
		Debug|iPhone = Debug|iPhone
		Debug|iPhoneSimulator = Debug|iPhoneSimulator
		Debug|x64 = Debug|x64
		Debug|x86 = Debug|x86
		Release|Any CPU = Release|Any CPU
		Release|ARM = Release|ARM
		Release|iPhone = Release|iPhone
		Release|iPhoneSimulator = Release|iPhoneSimulator
		Release|x64 = Release|x64
		Release|x86 = Release|x86
	EndGlobalSection
	GlobalSection(ProjectConfigurationPlatforms) = postSolution
		{F30CA6A1-BE84-486E-BFA4-8F21C71D5327}.Ad-Hoc|Any CPU.ActiveCfg = Release|Any CPU
		{F30CA6A1-BE84-486E-BFA4-8F21C71D5327}.Ad-Hoc|Any CPU.Build.0 = Release|Any CPU
		{F30CA6A1-BE84-486E-BFA4-8F21C71D5327}.Ad-Hoc|ARM.ActiveCfg = Release|Any CPU
		{F30CA6A1-BE84-486E-BFA4-8F21C71D5327}.Ad-Hoc|ARM.Build.0 = Release|Any CPU
		{F30CA6A1-BE84-486E-BFA4-8F21C71D5327}.Ad-Hoc|iPhone.ActiveCfg = Release|Any CPU
		{F30CA6A1-BE84-486E-BFA4-8F21C71D5327}.Ad-Hoc|iPhone.Build.0 = Release|Any CPU
		{F30CA6A1-BE84-486E-BFA4-8F21C71D5327}.Ad-Hoc|iPhoneSimulator.ActiveCfg = Release|Any CPU
		{F30CA6A1-BE84-486E-BFA4-8F21C71D5327}.Ad-Hoc|iPhoneSimulator.Build.0 = Release|Any CPU
		{F30CA6A1-BE84-486E-BFA4-8F21C71D5327}.Ad-Hoc|x64.ActiveCfg = Release|Any CPU
		{F30CA6A1-BE84-486E-BFA4-8F21C71D5327}.Ad-Hoc|x64.Build.0 = Release|Any CPU
		{F30CA6A1-BE84-486E-BFA4-8F21C71D5327}.Ad-Hoc|x86.ActiveCfg = Release|Any CPU
		{F30CA6A1-BE84-486E-BFA4-8F21C71D5327}.Ad-Hoc|x86.Build.0 = Release|Any CPU
		{F30CA6A1-BE84-486E-BFA4-8F21C71D5327}.AppStore|Any CPU.ActiveCfg = Release|Any CPU
		{F30CA6A1-BE84-486E-BFA4-8F21C71D5327}.AppStore|Any CPU.Build.0 = Release|Any CPU
		{F30CA6A1-BE84-486E-BFA4-8F21C71D5327}.AppStore|ARM.ActiveCfg = Release|Any CPU
		{F30CA6A1-BE84-486E-BFA4-8F21C71D5327}.AppStore|ARM.Build.0 = Release|Any CPU
		{F30CA6A1-BE84-486E-BFA4-8F21C71D5327}.AppStore|iPhone.ActiveCfg = Release|Any CPU
		{F30CA6A1-BE84-486E-BFA4-8F21C71D5327}.AppStore|iPhone.Build.0 = Release|Any CPU
		{F30CA6A1-BE84-486E-BFA4-8F21C71D5327}.AppStore|iPhoneSimulator.ActiveCfg = Release|Any CPU
		{F30CA6A1-BE84-486E-BFA4-8F21C71D5327}.AppStore|iPhoneSimulator.Build.0 = Release|Any CPU
		{F30CA6A1-BE84-486E-BFA4-8F21C71D5327}.AppStore|x64.ActiveCfg = Release|Any CPU
		{F30CA6A1-BE84-486E-BFA4-8F21C71D5327}.AppStore|x64.Build.0 = Release|Any CPU
		{F30CA6A1-BE84-486E-BFA4-8F21C71D5327}.AppStore|x86.ActiveCfg = Release|Any CPU
		{F30CA6A1-BE84-486E-BFA4-8F21C71D5327}.AppStore|x86.Build.0 = Release|Any CPU
		{F30CA6A1-BE84-486E-BFA4-8F21C71D5327}.Debug|Any CPU.ActiveCfg = Debug|Any CPU
		{F30CA6A1-BE84-486E-BFA4-8F21C71D5327}.Debug|Any CPU.Build.0 = Debug|Any CPU
		{F30CA6A1-BE84-486E-BFA4-8F21C71D5327}.Debug|ARM.ActiveCfg = Debug|Any CPU
		{F30CA6A1-BE84-486E-BFA4-8F21C71D5327}.Debug|ARM.Build.0 = Debug|Any CPU
		{F30CA6A1-BE84-486E-BFA4-8F21C71D5327}.Debug|iPhone.ActiveCfg = Debug|Any CPU
		{F30CA6A1-BE84-486E-BFA4-8F21C71D5327}.Debug|iPhone.Build.0 = Debug|Any CPU
		{F30CA6A1-BE84-486E-BFA4-8F21C71D5327}.Debug|iPhoneSimulator.ActiveCfg = Debug|Any CPU
		{F30CA6A1-BE84-486E-BFA4-8F21C71D5327}.Debug|iPhoneSimulator.Build.0 = Debug|Any CPU
		{F30CA6A1-BE84-486E-BFA4-8F21C71D5327}.Debug|x64.ActiveCfg = Debug|Any CPU
		{F30CA6A1-BE84-486E-BFA4-8F21C71D5327}.Debug|x64.Build.0 = Debug|Any CPU
		{F30CA6A1-BE84-486E-BFA4-8F21C71D5327}.Debug|x86.ActiveCfg = Debug|Any CPU
		{F30CA6A1-BE84-486E-BFA4-8F21C71D5327}.Debug|x86.Build.0 = Debug|Any CPU
		{F30CA6A1-BE84-486E-BFA4-8F21C71D5327}.Release|Any CPU.ActiveCfg = Release|Any CPU
		{F30CA6A1-BE84-486E-BFA4-8F21C71D5327}.Release|Any CPU.Build.0 = Release|Any CPU
		{F30CA6A1-BE84-486E-BFA4-8F21C71D5327}.Release|ARM.ActiveCfg = Release|Any CPU
		{F30CA6A1-BE84-486E-BFA4-8F21C71D5327}.Release|ARM.Build.0 = Release|Any CPU
		{F30CA6A1-BE84-486E-BFA4-8F21C71D5327}.Release|iPhone.ActiveCfg = Release|Any CPU
		{F30CA6A1-BE84-486E-BFA4-8F21C71D5327}.Release|iPhone.Build.0 = Release|Any CPU
		{F30CA6A1-BE84-486E-BFA4-8F21C71D5327}.Release|iPhoneSimulator.ActiveCfg = Release|Any CPU
		{F30CA6A1-BE84-486E-BFA4-8F21C71D5327}.Release|iPhoneSimulator.Build.0 = Release|Any CPU
		{F30CA6A1-BE84-486E-BFA4-8F21C71D5327}.Release|x64.ActiveCfg = Release|Any CPU
		{F30CA6A1-BE84-486E-BFA4-8F21C71D5327}.Release|x64.Build.0 = Release|Any CPU
		{F30CA6A1-BE84-486E-BFA4-8F21C71D5327}.Release|x86.ActiveCfg = Release|Any CPU
		{F30CA6A1-BE84-486E-BFA4-8F21C71D5327}.Release|x86.Build.0 = Release|Any CPU
		{FFEA97A2-CE5E-4578-A086-EB821F5139EE}.Ad-Hoc|Any CPU.ActiveCfg = Release|Any CPU
		{FFEA97A2-CE5E-4578-A086-EB821F5139EE}.Ad-Hoc|Any CPU.Build.0 = Release|Any CPU
		{FFEA97A2-CE5E-4578-A086-EB821F5139EE}.Ad-Hoc|ARM.ActiveCfg = Release|Any CPU
		{FFEA97A2-CE5E-4578-A086-EB821F5139EE}.Ad-Hoc|ARM.Build.0 = Release|Any CPU
		{FFEA97A2-CE5E-4578-A086-EB821F5139EE}.Ad-Hoc|iPhone.ActiveCfg = Release|Any CPU
		{FFEA97A2-CE5E-4578-A086-EB821F5139EE}.Ad-Hoc|iPhone.Build.0 = Release|Any CPU
		{FFEA97A2-CE5E-4578-A086-EB821F5139EE}.Ad-Hoc|iPhoneSimulator.ActiveCfg = Release|Any CPU
		{FFEA97A2-CE5E-4578-A086-EB821F5139EE}.Ad-Hoc|iPhoneSimulator.Build.0 = Release|Any CPU
		{FFEA97A2-CE5E-4578-A086-EB821F5139EE}.Ad-Hoc|x64.ActiveCfg = Release|Any CPU
		{FFEA97A2-CE5E-4578-A086-EB821F5139EE}.Ad-Hoc|x64.Build.0 = Release|Any CPU
		{FFEA97A2-CE5E-4578-A086-EB821F5139EE}.Ad-Hoc|x86.ActiveCfg = Release|Any CPU
		{FFEA97A2-CE5E-4578-A086-EB821F5139EE}.Ad-Hoc|x86.Build.0 = Release|Any CPU
		{FFEA97A2-CE5E-4578-A086-EB821F5139EE}.AppStore|Any CPU.ActiveCfg = Release|Any CPU
		{FFEA97A2-CE5E-4578-A086-EB821F5139EE}.AppStore|Any CPU.Build.0 = Release|Any CPU
		{FFEA97A2-CE5E-4578-A086-EB821F5139EE}.AppStore|ARM.ActiveCfg = Release|Any CPU
		{FFEA97A2-CE5E-4578-A086-EB821F5139EE}.AppStore|ARM.Build.0 = Release|Any CPU
		{FFEA97A2-CE5E-4578-A086-EB821F5139EE}.AppStore|iPhone.ActiveCfg = Release|Any CPU
		{FFEA97A2-CE5E-4578-A086-EB821F5139EE}.AppStore|iPhone.Build.0 = Release|Any CPU
		{FFEA97A2-CE5E-4578-A086-EB821F5139EE}.AppStore|iPhoneSimulator.ActiveCfg = Release|Any CPU
		{FFEA97A2-CE5E-4578-A086-EB821F5139EE}.AppStore|iPhoneSimulator.Build.0 = Release|Any CPU
		{FFEA97A2-CE5E-4578-A086-EB821F5139EE}.AppStore|x64.ActiveCfg = Release|Any CPU
		{FFEA97A2-CE5E-4578-A086-EB821F5139EE}.AppStore|x64.Build.0 = Release|Any CPU
		{FFEA97A2-CE5E-4578-A086-EB821F5139EE}.AppStore|x86.ActiveCfg = Release|Any CPU
		{FFEA97A2-CE5E-4578-A086-EB821F5139EE}.AppStore|x86.Build.0 = Release|Any CPU
		{FFEA97A2-CE5E-4578-A086-EB821F5139EE}.Debug|Any CPU.ActiveCfg = Debug|Any CPU
		{FFEA97A2-CE5E-4578-A086-EB821F5139EE}.Debug|Any CPU.Build.0 = Debug|Any CPU
		{FFEA97A2-CE5E-4578-A086-EB821F5139EE}.Debug|ARM.ActiveCfg = Debug|Any CPU
		{FFEA97A2-CE5E-4578-A086-EB821F5139EE}.Debug|ARM.Build.0 = Debug|Any CPU
		{FFEA97A2-CE5E-4578-A086-EB821F5139EE}.Debug|iPhone.ActiveCfg = Debug|Any CPU
		{FFEA97A2-CE5E-4578-A086-EB821F5139EE}.Debug|iPhone.Build.0 = Debug|Any CPU
		{FFEA97A2-CE5E-4578-A086-EB821F5139EE}.Debug|iPhoneSimulator.ActiveCfg = Debug|Any CPU
		{FFEA97A2-CE5E-4578-A086-EB821F5139EE}.Debug|iPhoneSimulator.Build.0 = Debug|Any CPU
		{FFEA97A2-CE5E-4578-A086-EB821F5139EE}.Debug|x64.ActiveCfg = Debug|Any CPU
		{FFEA97A2-CE5E-4578-A086-EB821F5139EE}.Debug|x64.Build.0 = Debug|Any CPU
		{FFEA97A2-CE5E-4578-A086-EB821F5139EE}.Debug|x86.ActiveCfg = Debug|Any CPU
		{FFEA97A2-CE5E-4578-A086-EB821F5139EE}.Debug|x86.Build.0 = Debug|Any CPU
		{FFEA97A2-CE5E-4578-A086-EB821F5139EE}.Release|Any CPU.ActiveCfg = Release|Any CPU
		{FFEA97A2-CE5E-4578-A086-EB821F5139EE}.Release|Any CPU.Build.0 = Release|Any CPU
		{FFEA97A2-CE5E-4578-A086-EB821F5139EE}.Release|ARM.ActiveCfg = Release|Any CPU
		{FFEA97A2-CE5E-4578-A086-EB821F5139EE}.Release|ARM.Build.0 = Release|Any CPU
		{FFEA97A2-CE5E-4578-A086-EB821F5139EE}.Release|iPhone.ActiveCfg = Release|Any CPU
		{FFEA97A2-CE5E-4578-A086-EB821F5139EE}.Release|iPhone.Build.0 = Release|Any CPU
		{FFEA97A2-CE5E-4578-A086-EB821F5139EE}.Release|iPhoneSimulator.ActiveCfg = Release|Any CPU
		{FFEA97A2-CE5E-4578-A086-EB821F5139EE}.Release|iPhoneSimulator.Build.0 = Release|Any CPU
		{FFEA97A2-CE5E-4578-A086-EB821F5139EE}.Release|x64.ActiveCfg = Release|Any CPU
		{FFEA97A2-CE5E-4578-A086-EB821F5139EE}.Release|x64.Build.0 = Release|Any CPU
		{FFEA97A2-CE5E-4578-A086-EB821F5139EE}.Release|x86.ActiveCfg = Release|Any CPU
		{FFEA97A2-CE5E-4578-A086-EB821F5139EE}.Release|x86.Build.0 = Release|Any CPU
		{0F63B005-C814-46C4-959C-6AD456540BD6}.Ad-Hoc|Any CPU.ActiveCfg = Release|Any CPU
		{0F63B005-C814-46C4-959C-6AD456540BD6}.Ad-Hoc|Any CPU.Build.0 = Release|Any CPU
		{0F63B005-C814-46C4-959C-6AD456540BD6}.Ad-Hoc|ARM.ActiveCfg = Release|Any CPU
		{0F63B005-C814-46C4-959C-6AD456540BD6}.Ad-Hoc|ARM.Build.0 = Release|Any CPU
		{0F63B005-C814-46C4-959C-6AD456540BD6}.Ad-Hoc|iPhone.ActiveCfg = Release|Any CPU
		{0F63B005-C814-46C4-959C-6AD456540BD6}.Ad-Hoc|iPhone.Build.0 = Release|Any CPU
		{0F63B005-C814-46C4-959C-6AD456540BD6}.Ad-Hoc|iPhoneSimulator.ActiveCfg = Release|Any CPU
		{0F63B005-C814-46C4-959C-6AD456540BD6}.Ad-Hoc|iPhoneSimulator.Build.0 = Release|Any CPU
		{0F63B005-C814-46C4-959C-6AD456540BD6}.Ad-Hoc|x64.ActiveCfg = Release|Any CPU
		{0F63B005-C814-46C4-959C-6AD456540BD6}.Ad-Hoc|x64.Build.0 = Release|Any CPU
		{0F63B005-C814-46C4-959C-6AD456540BD6}.Ad-Hoc|x86.ActiveCfg = Release|Any CPU
		{0F63B005-C814-46C4-959C-6AD456540BD6}.Ad-Hoc|x86.Build.0 = Release|Any CPU
		{0F63B005-C814-46C4-959C-6AD456540BD6}.AppStore|Any CPU.ActiveCfg = Release|Any CPU
		{0F63B005-C814-46C4-959C-6AD456540BD6}.AppStore|Any CPU.Build.0 = Release|Any CPU
		{0F63B005-C814-46C4-959C-6AD456540BD6}.AppStore|ARM.ActiveCfg = Release|Any CPU
		{0F63B005-C814-46C4-959C-6AD456540BD6}.AppStore|ARM.Build.0 = Release|Any CPU
		{0F63B005-C814-46C4-959C-6AD456540BD6}.AppStore|iPhone.ActiveCfg = Release|Any CPU
		{0F63B005-C814-46C4-959C-6AD456540BD6}.AppStore|iPhone.Build.0 = Release|Any CPU
		{0F63B005-C814-46C4-959C-6AD456540BD6}.AppStore|iPhoneSimulator.ActiveCfg = Release|Any CPU
		{0F63B005-C814-46C4-959C-6AD456540BD6}.AppStore|iPhoneSimulator.Build.0 = Release|Any CPU
		{0F63B005-C814-46C4-959C-6AD456540BD6}.AppStore|x64.ActiveCfg = Release|Any CPU
		{0F63B005-C814-46C4-959C-6AD456540BD6}.AppStore|x64.Build.0 = Release|Any CPU
		{0F63B005-C814-46C4-959C-6AD456540BD6}.AppStore|x86.ActiveCfg = Release|Any CPU
		{0F63B005-C814-46C4-959C-6AD456540BD6}.AppStore|x86.Build.0 = Release|Any CPU
		{0F63B005-C814-46C4-959C-6AD456540BD6}.Debug|Any CPU.ActiveCfg = Debug|Any CPU
		{0F63B005-C814-46C4-959C-6AD456540BD6}.Debug|Any CPU.Build.0 = Debug|Any CPU
		{0F63B005-C814-46C4-959C-6AD456540BD6}.Debug|ARM.ActiveCfg = Debug|Any CPU
		{0F63B005-C814-46C4-959C-6AD456540BD6}.Debug|ARM.Build.0 = Debug|Any CPU
		{0F63B005-C814-46C4-959C-6AD456540BD6}.Debug|iPhone.ActiveCfg = Debug|Any CPU
		{0F63B005-C814-46C4-959C-6AD456540BD6}.Debug|iPhone.Build.0 = Debug|Any CPU
		{0F63B005-C814-46C4-959C-6AD456540BD6}.Debug|iPhoneSimulator.ActiveCfg = Debug|Any CPU
		{0F63B005-C814-46C4-959C-6AD456540BD6}.Debug|iPhoneSimulator.Build.0 = Debug|Any CPU
		{0F63B005-C814-46C4-959C-6AD456540BD6}.Debug|x64.ActiveCfg = Debug|Any CPU
		{0F63B005-C814-46C4-959C-6AD456540BD6}.Debug|x64.Build.0 = Debug|Any CPU
		{0F63B005-C814-46C4-959C-6AD456540BD6}.Debug|x86.ActiveCfg = Debug|Any CPU
		{0F63B005-C814-46C4-959C-6AD456540BD6}.Debug|x86.Build.0 = Debug|Any CPU
		{0F63B005-C814-46C4-959C-6AD456540BD6}.Release|Any CPU.ActiveCfg = Release|Any CPU
		{0F63B005-C814-46C4-959C-6AD456540BD6}.Release|Any CPU.Build.0 = Release|Any CPU
		{0F63B005-C814-46C4-959C-6AD456540BD6}.Release|ARM.ActiveCfg = Release|Any CPU
		{0F63B005-C814-46C4-959C-6AD456540BD6}.Release|ARM.Build.0 = Release|Any CPU
		{0F63B005-C814-46C4-959C-6AD456540BD6}.Release|iPhone.ActiveCfg = Release|Any CPU
		{0F63B005-C814-46C4-959C-6AD456540BD6}.Release|iPhone.Build.0 = Release|Any CPU
		{0F63B005-C814-46C4-959C-6AD456540BD6}.Release|iPhoneSimulator.ActiveCfg = Release|Any CPU
		{0F63B005-C814-46C4-959C-6AD456540BD6}.Release|iPhoneSimulator.Build.0 = Release|Any CPU
		{0F63B005-C814-46C4-959C-6AD456540BD6}.Release|x64.ActiveCfg = Release|Any CPU
		{0F63B005-C814-46C4-959C-6AD456540BD6}.Release|x64.Build.0 = Release|Any CPU
		{0F63B005-C814-46C4-959C-6AD456540BD6}.Release|x86.ActiveCfg = Release|Any CPU
		{0F63B005-C814-46C4-959C-6AD456540BD6}.Release|x86.Build.0 = Release|Any CPU
		{DD3F11AB-9696-412A-A67F-A0A940AD7514}.Ad-Hoc|Any CPU.ActiveCfg = Release|Any CPU
		{DD3F11AB-9696-412A-A67F-A0A940AD7514}.Ad-Hoc|Any CPU.Build.0 = Release|Any CPU
		{DD3F11AB-9696-412A-A67F-A0A940AD7514}.Ad-Hoc|Any CPU.Deploy.0 = Release|Any CPU
		{DD3F11AB-9696-412A-A67F-A0A940AD7514}.Ad-Hoc|ARM.ActiveCfg = Release|Any CPU
		{DD3F11AB-9696-412A-A67F-A0A940AD7514}.Ad-Hoc|ARM.Build.0 = Release|Any CPU
		{DD3F11AB-9696-412A-A67F-A0A940AD7514}.Ad-Hoc|ARM.Deploy.0 = Release|Any CPU
		{DD3F11AB-9696-412A-A67F-A0A940AD7514}.Ad-Hoc|iPhone.ActiveCfg = Release|Any CPU
		{DD3F11AB-9696-412A-A67F-A0A940AD7514}.Ad-Hoc|iPhone.Build.0 = Release|Any CPU
		{DD3F11AB-9696-412A-A67F-A0A940AD7514}.Ad-Hoc|iPhone.Deploy.0 = Release|Any CPU
		{DD3F11AB-9696-412A-A67F-A0A940AD7514}.Ad-Hoc|iPhoneSimulator.ActiveCfg = Release|Any CPU
		{DD3F11AB-9696-412A-A67F-A0A940AD7514}.Ad-Hoc|iPhoneSimulator.Build.0 = Release|Any CPU
		{DD3F11AB-9696-412A-A67F-A0A940AD7514}.Ad-Hoc|iPhoneSimulator.Deploy.0 = Release|Any CPU
		{DD3F11AB-9696-412A-A67F-A0A940AD7514}.Ad-Hoc|x64.ActiveCfg = Release|Any CPU
		{DD3F11AB-9696-412A-A67F-A0A940AD7514}.Ad-Hoc|x64.Build.0 = Release|Any CPU
		{DD3F11AB-9696-412A-A67F-A0A940AD7514}.Ad-Hoc|x64.Deploy.0 = Release|Any CPU
		{DD3F11AB-9696-412A-A67F-A0A940AD7514}.Ad-Hoc|x86.ActiveCfg = Release|Any CPU
		{DD3F11AB-9696-412A-A67F-A0A940AD7514}.Ad-Hoc|x86.Build.0 = Release|Any CPU
		{DD3F11AB-9696-412A-A67F-A0A940AD7514}.Ad-Hoc|x86.Deploy.0 = Release|Any CPU
		{DD3F11AB-9696-412A-A67F-A0A940AD7514}.AppStore|Any CPU.ActiveCfg = Release|Any CPU
		{DD3F11AB-9696-412A-A67F-A0A940AD7514}.AppStore|Any CPU.Build.0 = Release|Any CPU
		{DD3F11AB-9696-412A-A67F-A0A940AD7514}.AppStore|Any CPU.Deploy.0 = Release|Any CPU
		{DD3F11AB-9696-412A-A67F-A0A940AD7514}.AppStore|ARM.ActiveCfg = Release|Any CPU
		{DD3F11AB-9696-412A-A67F-A0A940AD7514}.AppStore|ARM.Build.0 = Release|Any CPU
		{DD3F11AB-9696-412A-A67F-A0A940AD7514}.AppStore|ARM.Deploy.0 = Release|Any CPU
		{DD3F11AB-9696-412A-A67F-A0A940AD7514}.AppStore|iPhone.ActiveCfg = Release|Any CPU
		{DD3F11AB-9696-412A-A67F-A0A940AD7514}.AppStore|iPhone.Build.0 = Release|Any CPU
		{DD3F11AB-9696-412A-A67F-A0A940AD7514}.AppStore|iPhone.Deploy.0 = Release|Any CPU
		{DD3F11AB-9696-412A-A67F-A0A940AD7514}.AppStore|iPhoneSimulator.ActiveCfg = Release|Any CPU
		{DD3F11AB-9696-412A-A67F-A0A940AD7514}.AppStore|iPhoneSimulator.Build.0 = Release|Any CPU
		{DD3F11AB-9696-412A-A67F-A0A940AD7514}.AppStore|iPhoneSimulator.Deploy.0 = Release|Any CPU
		{DD3F11AB-9696-412A-A67F-A0A940AD7514}.AppStore|x64.ActiveCfg = Release|Any CPU
		{DD3F11AB-9696-412A-A67F-A0A940AD7514}.AppStore|x64.Build.0 = Release|Any CPU
		{DD3F11AB-9696-412A-A67F-A0A940AD7514}.AppStore|x64.Deploy.0 = Release|Any CPU
		{DD3F11AB-9696-412A-A67F-A0A940AD7514}.AppStore|x86.ActiveCfg = Release|Any CPU
		{DD3F11AB-9696-412A-A67F-A0A940AD7514}.AppStore|x86.Build.0 = Release|Any CPU
		{DD3F11AB-9696-412A-A67F-A0A940AD7514}.AppStore|x86.Deploy.0 = Release|Any CPU
		{DD3F11AB-9696-412A-A67F-A0A940AD7514}.Debug|Any CPU.ActiveCfg = Debug|Any CPU
		{DD3F11AB-9696-412A-A67F-A0A940AD7514}.Debug|Any CPU.Build.0 = Debug|Any CPU
		{DD3F11AB-9696-412A-A67F-A0A940AD7514}.Debug|Any CPU.Deploy.0 = Debug|Any CPU
		{DD3F11AB-9696-412A-A67F-A0A940AD7514}.Debug|ARM.ActiveCfg = Debug|Any CPU
		{DD3F11AB-9696-412A-A67F-A0A940AD7514}.Debug|ARM.Build.0 = Debug|Any CPU
		{DD3F11AB-9696-412A-A67F-A0A940AD7514}.Debug|ARM.Deploy.0 = Debug|Any CPU
		{DD3F11AB-9696-412A-A67F-A0A940AD7514}.Debug|iPhone.ActiveCfg = Debug|Any CPU
		{DD3F11AB-9696-412A-A67F-A0A940AD7514}.Debug|iPhone.Build.0 = Debug|Any CPU
		{DD3F11AB-9696-412A-A67F-A0A940AD7514}.Debug|iPhone.Deploy.0 = Debug|Any CPU
		{DD3F11AB-9696-412A-A67F-A0A940AD7514}.Debug|iPhoneSimulator.ActiveCfg = Debug|Any CPU
		{DD3F11AB-9696-412A-A67F-A0A940AD7514}.Debug|iPhoneSimulator.Build.0 = Debug|Any CPU
		{DD3F11AB-9696-412A-A67F-A0A940AD7514}.Debug|iPhoneSimulator.Deploy.0 = Debug|Any CPU
		{DD3F11AB-9696-412A-A67F-A0A940AD7514}.Debug|x64.ActiveCfg = Debug|Any CPU
		{DD3F11AB-9696-412A-A67F-A0A940AD7514}.Debug|x64.Build.0 = Debug|Any CPU
		{DD3F11AB-9696-412A-A67F-A0A940AD7514}.Debug|x64.Deploy.0 = Debug|Any CPU
		{DD3F11AB-9696-412A-A67F-A0A940AD7514}.Debug|x86.ActiveCfg = Debug|Any CPU
		{DD3F11AB-9696-412A-A67F-A0A940AD7514}.Debug|x86.Build.0 = Debug|Any CPU
		{DD3F11AB-9696-412A-A67F-A0A940AD7514}.Debug|x86.Deploy.0 = Debug|Any CPU
		{DD3F11AB-9696-412A-A67F-A0A940AD7514}.Release|Any CPU.ActiveCfg = Release|Any CPU
		{DD3F11AB-9696-412A-A67F-A0A940AD7514}.Release|Any CPU.Build.0 = Release|Any CPU
		{DD3F11AB-9696-412A-A67F-A0A940AD7514}.Release|Any CPU.Deploy.0 = Release|Any CPU
		{DD3F11AB-9696-412A-A67F-A0A940AD7514}.Release|ARM.ActiveCfg = Release|Any CPU
		{DD3F11AB-9696-412A-A67F-A0A940AD7514}.Release|ARM.Build.0 = Release|Any CPU
		{DD3F11AB-9696-412A-A67F-A0A940AD7514}.Release|ARM.Deploy.0 = Release|Any CPU
		{DD3F11AB-9696-412A-A67F-A0A940AD7514}.Release|iPhone.ActiveCfg = Release|Any CPU
		{DD3F11AB-9696-412A-A67F-A0A940AD7514}.Release|iPhone.Build.0 = Release|Any CPU
		{DD3F11AB-9696-412A-A67F-A0A940AD7514}.Release|iPhone.Deploy.0 = Release|Any CPU
		{DD3F11AB-9696-412A-A67F-A0A940AD7514}.Release|iPhoneSimulator.ActiveCfg = Release|Any CPU
		{DD3F11AB-9696-412A-A67F-A0A940AD7514}.Release|iPhoneSimulator.Build.0 = Release|Any CPU
		{DD3F11AB-9696-412A-A67F-A0A940AD7514}.Release|iPhoneSimulator.Deploy.0 = Release|Any CPU
		{DD3F11AB-9696-412A-A67F-A0A940AD7514}.Release|x64.ActiveCfg = Release|Any CPU
		{DD3F11AB-9696-412A-A67F-A0A940AD7514}.Release|x64.Build.0 = Release|Any CPU
		{DD3F11AB-9696-412A-A67F-A0A940AD7514}.Release|x64.Deploy.0 = Release|Any CPU
		{DD3F11AB-9696-412A-A67F-A0A940AD7514}.Release|x86.ActiveCfg = Release|Any CPU
		{DD3F11AB-9696-412A-A67F-A0A940AD7514}.Release|x86.Build.0 = Release|Any CPU
		{DD3F11AB-9696-412A-A67F-A0A940AD7514}.Release|x86.Deploy.0 = Release|Any CPU
		{AF61FA78-5351-472B-AD8A-337BAB6B6063}.Ad-Hoc|Any CPU.ActiveCfg = Debug|Any CPU
		{AF61FA78-5351-472B-AD8A-337BAB6B6063}.Ad-Hoc|Any CPU.Build.0 = Debug|Any CPU
		{AF61FA78-5351-472B-AD8A-337BAB6B6063}.Ad-Hoc|ARM.ActiveCfg = Debug|Any CPU
		{AF61FA78-5351-472B-AD8A-337BAB6B6063}.Ad-Hoc|ARM.Build.0 = Debug|Any CPU
		{AF61FA78-5351-472B-AD8A-337BAB6B6063}.Ad-Hoc|iPhone.ActiveCfg = Debug|Any CPU
		{AF61FA78-5351-472B-AD8A-337BAB6B6063}.Ad-Hoc|iPhone.Build.0 = Debug|Any CPU
		{AF61FA78-5351-472B-AD8A-337BAB6B6063}.Ad-Hoc|iPhoneSimulator.ActiveCfg = Debug|Any CPU
		{AF61FA78-5351-472B-AD8A-337BAB6B6063}.Ad-Hoc|iPhoneSimulator.Build.0 = Debug|Any CPU
		{AF61FA78-5351-472B-AD8A-337BAB6B6063}.Ad-Hoc|x64.ActiveCfg = Debug|Any CPU
		{AF61FA78-5351-472B-AD8A-337BAB6B6063}.Ad-Hoc|x64.Build.0 = Debug|Any CPU
		{AF61FA78-5351-472B-AD8A-337BAB6B6063}.Ad-Hoc|x86.ActiveCfg = Debug|Any CPU
		{AF61FA78-5351-472B-AD8A-337BAB6B6063}.Ad-Hoc|x86.Build.0 = Debug|Any CPU
		{AF61FA78-5351-472B-AD8A-337BAB6B6063}.AppStore|Any CPU.ActiveCfg = Debug|Any CPU
		{AF61FA78-5351-472B-AD8A-337BAB6B6063}.AppStore|Any CPU.Build.0 = Debug|Any CPU
		{AF61FA78-5351-472B-AD8A-337BAB6B6063}.AppStore|ARM.ActiveCfg = Debug|Any CPU
		{AF61FA78-5351-472B-AD8A-337BAB6B6063}.AppStore|ARM.Build.0 = Debug|Any CPU
		{AF61FA78-5351-472B-AD8A-337BAB6B6063}.AppStore|iPhone.ActiveCfg = Debug|Any CPU
		{AF61FA78-5351-472B-AD8A-337BAB6B6063}.AppStore|iPhone.Build.0 = Debug|Any CPU
		{AF61FA78-5351-472B-AD8A-337BAB6B6063}.AppStore|iPhoneSimulator.ActiveCfg = Debug|Any CPU
		{AF61FA78-5351-472B-AD8A-337BAB6B6063}.AppStore|iPhoneSimulator.Build.0 = Debug|Any CPU
		{AF61FA78-5351-472B-AD8A-337BAB6B6063}.AppStore|x64.ActiveCfg = Debug|Any CPU
		{AF61FA78-5351-472B-AD8A-337BAB6B6063}.AppStore|x64.Build.0 = Debug|Any CPU
		{AF61FA78-5351-472B-AD8A-337BAB6B6063}.AppStore|x86.ActiveCfg = Debug|Any CPU
		{AF61FA78-5351-472B-AD8A-337BAB6B6063}.AppStore|x86.Build.0 = Debug|Any CPU
		{AF61FA78-5351-472B-AD8A-337BAB6B6063}.Debug|Any CPU.ActiveCfg = Debug|Any CPU
		{AF61FA78-5351-472B-AD8A-337BAB6B6063}.Debug|Any CPU.Build.0 = Debug|Any CPU
		{AF61FA78-5351-472B-AD8A-337BAB6B6063}.Debug|ARM.ActiveCfg = Debug|Any CPU
		{AF61FA78-5351-472B-AD8A-337BAB6B6063}.Debug|ARM.Build.0 = Debug|Any CPU
		{AF61FA78-5351-472B-AD8A-337BAB6B6063}.Debug|iPhone.ActiveCfg = Debug|Any CPU
		{AF61FA78-5351-472B-AD8A-337BAB6B6063}.Debug|iPhone.Build.0 = Debug|Any CPU
		{AF61FA78-5351-472B-AD8A-337BAB6B6063}.Debug|iPhoneSimulator.ActiveCfg = Debug|Any CPU
		{AF61FA78-5351-472B-AD8A-337BAB6B6063}.Debug|iPhoneSimulator.Build.0 = Debug|Any CPU
		{AF61FA78-5351-472B-AD8A-337BAB6B6063}.Debug|x64.ActiveCfg = Debug|Any CPU
		{AF61FA78-5351-472B-AD8A-337BAB6B6063}.Debug|x64.Build.0 = Debug|Any CPU
		{AF61FA78-5351-472B-AD8A-337BAB6B6063}.Debug|x86.ActiveCfg = Debug|Any CPU
		{AF61FA78-5351-472B-AD8A-337BAB6B6063}.Debug|x86.Build.0 = Debug|Any CPU
		{AF61FA78-5351-472B-AD8A-337BAB6B6063}.Release|Any CPU.ActiveCfg = Release|Any CPU
		{AF61FA78-5351-472B-AD8A-337BAB6B6063}.Release|Any CPU.Build.0 = Release|Any CPU
		{AF61FA78-5351-472B-AD8A-337BAB6B6063}.Release|ARM.ActiveCfg = Release|Any CPU
		{AF61FA78-5351-472B-AD8A-337BAB6B6063}.Release|ARM.Build.0 = Release|Any CPU
		{AF61FA78-5351-472B-AD8A-337BAB6B6063}.Release|iPhone.ActiveCfg = Release|Any CPU
		{AF61FA78-5351-472B-AD8A-337BAB6B6063}.Release|iPhone.Build.0 = Release|Any CPU
		{AF61FA78-5351-472B-AD8A-337BAB6B6063}.Release|iPhoneSimulator.ActiveCfg = Release|Any CPU
		{AF61FA78-5351-472B-AD8A-337BAB6B6063}.Release|iPhoneSimulator.Build.0 = Release|Any CPU
		{AF61FA78-5351-472B-AD8A-337BAB6B6063}.Release|x64.ActiveCfg = Release|Any CPU
		{AF61FA78-5351-472B-AD8A-337BAB6B6063}.Release|x64.Build.0 = Release|Any CPU
		{AF61FA78-5351-472B-AD8A-337BAB6B6063}.Release|x86.ActiveCfg = Release|Any CPU
		{AF61FA78-5351-472B-AD8A-337BAB6B6063}.Release|x86.Build.0 = Release|Any CPU
		{B8DBAA36-CB39-4F15-9909-E19CC4375287}.Ad-Hoc|Any CPU.ActiveCfg = Release|iPhone
		{B8DBAA36-CB39-4F15-9909-E19CC4375287}.Ad-Hoc|Any CPU.Build.0 = Release|iPhone
		{B8DBAA36-CB39-4F15-9909-E19CC4375287}.Ad-Hoc|ARM.ActiveCfg = Release|iPhone
		{B8DBAA36-CB39-4F15-9909-E19CC4375287}.Ad-Hoc|ARM.Build.0 = Release|iPhone
		{B8DBAA36-CB39-4F15-9909-E19CC4375287}.Ad-Hoc|iPhone.ActiveCfg = Release|iPhone
		{B8DBAA36-CB39-4F15-9909-E19CC4375287}.Ad-Hoc|iPhone.Build.0 = Release|iPhone
		{B8DBAA36-CB39-4F15-9909-E19CC4375287}.Ad-Hoc|iPhoneSimulator.ActiveCfg = Release|iPhoneSimulator
		{B8DBAA36-CB39-4F15-9909-E19CC4375287}.Ad-Hoc|iPhoneSimulator.Build.0 = Release|iPhoneSimulator
		{B8DBAA36-CB39-4F15-9909-E19CC4375287}.Ad-Hoc|x64.ActiveCfg = Release|iPhone
		{B8DBAA36-CB39-4F15-9909-E19CC4375287}.Ad-Hoc|x64.Build.0 = Release|iPhone
		{B8DBAA36-CB39-4F15-9909-E19CC4375287}.Ad-Hoc|x86.ActiveCfg = Release|iPhone
		{B8DBAA36-CB39-4F15-9909-E19CC4375287}.Ad-Hoc|x86.Build.0 = Release|iPhone
		{B8DBAA36-CB39-4F15-9909-E19CC4375287}.AppStore|Any CPU.ActiveCfg = Release|iPhone
		{B8DBAA36-CB39-4F15-9909-E19CC4375287}.AppStore|Any CPU.Build.0 = Release|iPhone
		{B8DBAA36-CB39-4F15-9909-E19CC4375287}.AppStore|ARM.ActiveCfg = Release|iPhone
		{B8DBAA36-CB39-4F15-9909-E19CC4375287}.AppStore|ARM.Build.0 = Release|iPhone
		{B8DBAA36-CB39-4F15-9909-E19CC4375287}.AppStore|iPhone.ActiveCfg = Release|iPhone
		{B8DBAA36-CB39-4F15-9909-E19CC4375287}.AppStore|iPhone.Build.0 = Release|iPhone
		{B8DBAA36-CB39-4F15-9909-E19CC4375287}.AppStore|iPhoneSimulator.ActiveCfg = Release|iPhoneSimulator
		{B8DBAA36-CB39-4F15-9909-E19CC4375287}.AppStore|iPhoneSimulator.Build.0 = Release|iPhoneSimulator
		{B8DBAA36-CB39-4F15-9909-E19CC4375287}.AppStore|x64.ActiveCfg = Release|iPhone
		{B8DBAA36-CB39-4F15-9909-E19CC4375287}.AppStore|x64.Build.0 = Release|iPhone
		{B8DBAA36-CB39-4F15-9909-E19CC4375287}.AppStore|x86.ActiveCfg = Release|iPhone
		{B8DBAA36-CB39-4F15-9909-E19CC4375287}.AppStore|x86.Build.0 = Release|iPhone
		{B8DBAA36-CB39-4F15-9909-E19CC4375287}.Debug|Any CPU.ActiveCfg = Debug|iPhone
		{B8DBAA36-CB39-4F15-9909-E19CC4375287}.Debug|ARM.ActiveCfg = Debug|iPhone
		{B8DBAA36-CB39-4F15-9909-E19CC4375287}.Debug|iPhone.ActiveCfg = Debug|iPhone
		{B8DBAA36-CB39-4F15-9909-E19CC4375287}.Debug|iPhone.Build.0 = Debug|iPhone
		{B8DBAA36-CB39-4F15-9909-E19CC4375287}.Debug|iPhoneSimulator.ActiveCfg = Debug|iPhoneSimulator
		{B8DBAA36-CB39-4F15-9909-E19CC4375287}.Debug|iPhoneSimulator.Build.0 = Debug|iPhoneSimulator
		{B8DBAA36-CB39-4F15-9909-E19CC4375287}.Debug|x64.ActiveCfg = Debug|iPhone
		{B8DBAA36-CB39-4F15-9909-E19CC4375287}.Debug|x86.ActiveCfg = Debug|iPhone
		{B8DBAA36-CB39-4F15-9909-E19CC4375287}.Release|Any CPU.ActiveCfg = Release|iPhone
		{B8DBAA36-CB39-4F15-9909-E19CC4375287}.Release|ARM.ActiveCfg = Release|iPhone
		{B8DBAA36-CB39-4F15-9909-E19CC4375287}.Release|iPhone.ActiveCfg = Release|iPhone
		{B8DBAA36-CB39-4F15-9909-E19CC4375287}.Release|iPhone.Build.0 = Release|iPhone
		{B8DBAA36-CB39-4F15-9909-E19CC4375287}.Release|iPhoneSimulator.ActiveCfg = Release|iPhoneSimulator
		{B8DBAA36-CB39-4F15-9909-E19CC4375287}.Release|iPhoneSimulator.Build.0 = Release|iPhoneSimulator
		{B8DBAA36-CB39-4F15-9909-E19CC4375287}.Release|x64.ActiveCfg = Release|iPhone
		{B8DBAA36-CB39-4F15-9909-E19CC4375287}.Release|x86.ActiveCfg = Release|iPhone
	EndGlobalSection
	GlobalSection(SolutionProperties) = preSolution
		HideSolutionNode = FALSE
	EndGlobalSection
	GlobalSection(ExtensibilityGlobals) = postSolution
		SolutionGuid = {8E315033-9838-41A4-9C60-CBC2AFFBE78A}
	EndGlobalSection
EndGlobal
